// !$*UTF8*$!
{
	archiveVersion = 1;
	classes = {
	};
	objectVersion = 51;
	objects = {

/* Begin PBXBuildFile section */
		441E637722B7E96F006DCCDD /* bopomofo_express.schema.yaml in Copy Shared Support Files */ = {isa = PBXBuildFile; fileRef = 441E636C22B7E90D006DCCDD /* bopomofo_express.schema.yaml */; };
		441E637822B7E96F006DCCDD /* bopomofo_tw.schema.yaml in Copy Shared Support Files */ = {isa = PBXBuildFile; fileRef = 441E636722B7E90D006DCCDD /* bopomofo_tw.schema.yaml */; };
		441E637922B7E96F006DCCDD /* bopomofo.schema.yaml in Copy Shared Support Files */ = {isa = PBXBuildFile; fileRef = 441E636822B7E90D006DCCDD /* bopomofo.schema.yaml */; };
		441E637A22B7E96F006DCCDD /* cangjie5_express.schema.yaml in Copy Shared Support Files */ = {isa = PBXBuildFile; fileRef = 441E636622B7E90C006DCCDD /* cangjie5_express.schema.yaml */; };
		441E637B22B7E96F006DCCDD /* cangjie5.dict.yaml in Copy Shared Support Files */ = {isa = PBXBuildFile; fileRef = 441E636A22B7E90D006DCCDD /* cangjie5.dict.yaml */; };
		441E637C22B7E96F006DCCDD /* cangjie5.schema.yaml in Copy Shared Support Files */ = {isa = PBXBuildFile; fileRef = 441E636322B7E90C006DCCDD /* cangjie5.schema.yaml */; };
		441E637D22B7E96F006DCCDD /* stroke.dict.yaml in Copy Shared Support Files */ = {isa = PBXBuildFile; fileRef = 441E636922B7E90D006DCCDD /* stroke.dict.yaml */; };
		441E637E22B7E96F006DCCDD /* stroke.schema.yaml in Copy Shared Support Files */ = {isa = PBXBuildFile; fileRef = 441E636B22B7E90D006DCCDD /* stroke.schema.yaml */; };
		441E637F22B7E96F006DCCDD /* terra_pinyin.dict.yaml in Copy Shared Support Files */ = {isa = PBXBuildFile; fileRef = 441E636422B7E90C006DCCDD /* terra_pinyin.dict.yaml */; };
		441E638022B7E96F006DCCDD /* terra_pinyin.schema.yaml in Copy Shared Support Files */ = {isa = PBXBuildFile; fileRef = 441E636522B7E90C006DCCDD /* terra_pinyin.schema.yaml */; };
		442B5B881570C37200370DEA /* squirrel.yaml in Copy Shared Support Files */ = {isa = PBXBuildFile; fileRef = 442B5B871570C37200370DEA /* squirrel.yaml */; };
		442C64921F7A410A0027EFBE /* rime-install in CopyFiles */ = {isa = PBXBuildFile; fileRef = 442C64901F7A404A0027EFBE /* rime-install */; settings = {ATTRIBUTES = (CodeSignOnCopy, ); }; };
		4443A83A1828CC5100731305 /* input_source.m in Sources */ = {isa = PBXBuildFile; fileRef = 4443A8391828CC5100731305 /* input_source.m */; };
		446C01D71F767BD400A6C23E /* Assets.xcassets in Resources */ = {isa = PBXBuildFile; fileRef = 446C01D61F767BD400A6C23E /* Assets.xcassets */; };
		447765C925C30E97002415AF /* Sparkle.framework in Frameworks */ = {isa = PBXBuildFile; fileRef = 447765C725C30E6B002415AF /* Sparkle.framework */; };
		447765CA25C30E97002415AF /* Sparkle.framework in Copy 3rd-party Frameworks */ = {isa = PBXBuildFile; fileRef = 447765C725C30E6B002415AF /* Sparkle.framework */; settings = {ATTRIBUTES = (CodeSignOnCopy, RemoveHeadersOnCopy, ); }; };
		448363DD25BDBBED0022C7BA /* pinyin.yaml in Copy Shared Support Files */ = {isa = PBXBuildFile; fileRef = 448363D925BDBBBF0022C7BA /* pinyin.yaml */; };
		448363DE25BDBBED0022C7BA /* zhuyin.yaml in Copy Shared Support Files */ = {isa = PBXBuildFile; fileRef = 448363DA25BDBBBF0022C7BA /* zhuyin.yaml */; };
		44986A95184B421700B3278D /* LICENSE.txt in Resources */ = {isa = PBXBuildFile; fileRef = 44986A93184B421700B3278D /* LICENSE.txt */; };
		44986A96184B421700B3278D /* README.md in Resources */ = {isa = PBXBuildFile; fileRef = 44986A94184B421700B3278D /* README.md */; };
		44AC951A1430CF6000C888FB /* SquirrelApplicationDelegate.m in Sources */ = {isa = PBXBuildFile; fileRef = 44AC95171430CF6000C888FB /* SquirrelApplicationDelegate.m */; };
		44AC951B1430CF6000C888FB /* SquirrelInputController.m in Sources */ = {isa = PBXBuildFile; fileRef = 44AC95191430CF6000C888FB /* SquirrelInputController.m */; };
		44AEBC7521F569FD00344375 /* key_bindings.yaml in Copy Shared Support Files */ = {isa = PBXBuildFile; fileRef = 44AEBC7221F569CF00344375 /* key_bindings.yaml */; };
		44AEBC7621F569FD00344375 /* punctuation.yaml in Copy Shared Support Files */ = {isa = PBXBuildFile; fileRef = 44AEBC7121F569CF00344375 /* punctuation.yaml */; };
		44CD640C15E2646B0021234E /* librime.1.dylib in Copy 3rd-party Frameworks */ = {isa = PBXBuildFile; fileRef = 44CD640915E2633D0021234E /* librime.1.dylib */; settings = {ATTRIBUTES = (CodeSignOnCopy, ); }; };
		44CD7D9F1828D981006E9222 /* rime.pdf in Resources */ = {isa = PBXBuildFile; fileRef = 44CD7D9E1828D981006E9222 /* rime.pdf */; };
		44E21A9016A653E700C2B08F /* rime_deployer in CopyFiles */ = {isa = PBXBuildFile; fileRef = 44E21A8E16A653E700C2B08F /* rime_deployer */; settings = {ATTRIBUTES = (CodeSignOnCopy, ); }; };
		44E21A9116A653E700C2B08F /* rime_dict_manager in CopyFiles */ = {isa = PBXBuildFile; fileRef = 44E21A8F16A653E700C2B08F /* rime_dict_manager */; settings = {ATTRIBUTES = (CodeSignOnCopy, ); }; };
		44F7708F152B3334005CF491 /* dsa_pub.pem in Resources */ = {isa = PBXBuildFile; fileRef = 44F7708E152B3334005CF491 /* dsa_pub.pem */; };
		44F84AD714E94C490005D70B /* SquirrelPanel.m in Sources */ = {isa = PBXBuildFile; fileRef = 44F84AD614E94C490005D70B /* SquirrelPanel.m */; };
		77AA68142588916F00A592E2 /* hk2s.json in Copy opencc Files */ = {isa = PBXBuildFile; fileRef = 77AA67E22588916300A592E2 /* hk2s.json */; };
		77AA68152588916F00A592E2 /* HKVariants.ocd2 in Copy opencc Files */ = {isa = PBXBuildFile; fileRef = 77AA67DC2588916300A592E2 /* HKVariants.ocd2 */; };
		77AA68162588916F00A592E2 /* HKVariantsRev.ocd2 in Copy opencc Files */ = {isa = PBXBuildFile; fileRef = 77AA67E02588916300A592E2 /* HKVariantsRev.ocd2 */; };
		77AA68172588916F00A592E2 /* HKVariantsRevPhrases.ocd2 in Copy opencc Files */ = {isa = PBXBuildFile; fileRef = 77AA67E92588916300A592E2 /* HKVariantsRevPhrases.ocd2 */; };
		77AA68182588916F00A592E2 /* jp2t.json in Copy opencc Files */ = {isa = PBXBuildFile; fileRef = 77AA67EE2588916300A592E2 /* jp2t.json */; };
		77AA68192588916F00A592E2 /* JPShinjitaiCharacters.ocd2 in Copy opencc Files */ = {isa = PBXBuildFile; fileRef = 77AA67E52588916300A592E2 /* JPShinjitaiCharacters.ocd2 */; };
		77AA681A2588916F00A592E2 /* JPShinjitaiPhrases.ocd2 in Copy opencc Files */ = {isa = PBXBuildFile; fileRef = 77AA67E12588916300A592E2 /* JPShinjitaiPhrases.ocd2 */; };
		77AA681B2588916F00A592E2 /* JPVariants.ocd2 in Copy opencc Files */ = {isa = PBXBuildFile; fileRef = 77AA67E62588916300A592E2 /* JPVariants.ocd2 */; };
		77AA681C2588916F00A592E2 /* JPVariantsRev.ocd2 in Copy opencc Files */ = {isa = PBXBuildFile; fileRef = 77AA67E42588916300A592E2 /* JPVariantsRev.ocd2 */; };
		77AA681D2588916F00A592E2 /* s2hk.json in Copy opencc Files */ = {isa = PBXBuildFile; fileRef = 77AA67F02588916300A592E2 /* s2hk.json */; };
		77AA681E2588916F00A592E2 /* s2t.json in Copy opencc Files */ = {isa = PBXBuildFile; fileRef = 77AA67ED2588916300A592E2 /* s2t.json */; };
		77AA681F2588916F00A592E2 /* s2tw.json in Copy opencc Files */ = {isa = PBXBuildFile; fileRef = 77AA67F52588916400A592E2 /* s2tw.json */; };
		77AA68202588916F00A592E2 /* s2twp.json in Copy opencc Files */ = {isa = PBXBuildFile; fileRef = 77AA67EA2588916300A592E2 /* s2twp.json */; };
		77AA68212588916F00A592E2 /* STCharacters.ocd2 in Copy opencc Files */ = {isa = PBXBuildFile; fileRef = 77AA67F32588916400A592E2 /* STCharacters.ocd2 */; };
		77AA68222588916F00A592E2 /* STPhrases.ocd2 in Copy opencc Files */ = {isa = PBXBuildFile; fileRef = 77AA67F72588916400A592E2 /* STPhrases.ocd2 */; };
		77AA68232588916F00A592E2 /* t2hk.json in Copy opencc Files */ = {isa = PBXBuildFile; fileRef = 77AA67E82588916300A592E2 /* t2hk.json */; };
		77AA68242588916F00A592E2 /* t2jp.json in Copy opencc Files */ = {isa = PBXBuildFile; fileRef = 77AA67EF2588916300A592E2 /* t2jp.json */; };
		77AA68252588916F00A592E2 /* t2s.json in Copy opencc Files */ = {isa = PBXBuildFile; fileRef = 77AA67DD2588916300A592E2 /* t2s.json */; };
		77AA68262588916F00A592E2 /* t2tw.json in Copy opencc Files */ = {isa = PBXBuildFile; fileRef = 77AA67DE2588916300A592E2 /* t2tw.json */; };
		77AA68272588916F00A592E2 /* TSCharacters.ocd2 in Copy opencc Files */ = {isa = PBXBuildFile; fileRef = 77AA67E32588916300A592E2 /* TSCharacters.ocd2 */; };
		77AA68282588916F00A592E2 /* TSPhrases.ocd2 in Copy opencc Files */ = {isa = PBXBuildFile; fileRef = 77AA67F62588916400A592E2 /* TSPhrases.ocd2 */; };
		77AA68292588916F00A592E2 /* tw2s.json in Copy opencc Files */ = {isa = PBXBuildFile; fileRef = 77AA67DF2588916300A592E2 /* tw2s.json */; };
		77AA682A2588916F00A592E2 /* tw2sp.json in Copy opencc Files */ = {isa = PBXBuildFile; fileRef = 77AA67EC2588916300A592E2 /* tw2sp.json */; };
		77AA682B2588916F00A592E2 /* TWPhrases.ocd2 in Copy opencc Files */ = {isa = PBXBuildFile; fileRef = 77AA67E72588916300A592E2 /* TWPhrases.ocd2 */; };
		77AA682C2588916F00A592E2 /* TWPhrasesRev.ocd2 in Copy opencc Files */ = {isa = PBXBuildFile; fileRef = 77AA67EB2588916300A592E2 /* TWPhrasesRev.ocd2 */; };
		77AA682D2588916F00A592E2 /* TWVariants.ocd2 in Copy opencc Files */ = {isa = PBXBuildFile; fileRef = 77AA67F12588916300A592E2 /* TWVariants.ocd2 */; };
		77AA682E2588916F00A592E2 /* TWVariantsRev.ocd2 in Copy opencc Files */ = {isa = PBXBuildFile; fileRef = 77AA67F42588916400A592E2 /* TWVariantsRev.ocd2 */; };
		77AA682F2588916F00A592E2 /* TWVariantsRevPhrases.ocd2 in Copy opencc Files */ = {isa = PBXBuildFile; fileRef = 77AA67F22588916300A592E2 /* TWVariantsRevPhrases.ocd2 */; };
		7B5488AF1D2DACDF0056A1BE /* default.yaml in Copy Shared Support Files */ = {isa = PBXBuildFile; fileRef = 7B5488211D2DAAD10056A1BE /* default.yaml */; };
		7B5488B71D2DACDF0056A1BE /* essay.txt in Copy Shared Support Files */ = {isa = PBXBuildFile; fileRef = 7B5488291D2DAAD10056A1BE /* essay.txt */; };
		7B5488BC1D2DACDF0056A1BE /* luna_pinyin_fluency.schema.yaml in Copy Shared Support Files */ = {isa = PBXBuildFile; fileRef = 7B54882E1D2DAAD10056A1BE /* luna_pinyin_fluency.schema.yaml */; };
		7B5488BD1D2DACDF0056A1BE /* luna_pinyin_simp.schema.yaml in Copy Shared Support Files */ = {isa = PBXBuildFile; fileRef = 7B54882F1D2DAAD10056A1BE /* luna_pinyin_simp.schema.yaml */; };
		7B5488BE1D2DACDF0056A1BE /* luna_pinyin_tw.schema.yaml in Copy Shared Support Files */ = {isa = PBXBuildFile; fileRef = 7B5488301D2DAAD10056A1BE /* luna_pinyin_tw.schema.yaml */; };
		7B5488BF1D2DACDF0056A1BE /* luna_pinyin.dict.yaml in Copy Shared Support Files */ = {isa = PBXBuildFile; fileRef = 7B5488311D2DAAD10056A1BE /* luna_pinyin.dict.yaml */; };
		7B5488C01D2DACDF0056A1BE /* luna_pinyin.schema.yaml in Copy Shared Support Files */ = {isa = PBXBuildFile; fileRef = 7B5488321D2DAAD10056A1BE /* luna_pinyin.schema.yaml */; };
		7B5488C11D2DACDF0056A1BE /* luna_quanpin.schema.yaml in Copy Shared Support Files */ = {isa = PBXBuildFile; fileRef = 7B5488331D2DAAD10056A1BE /* luna_quanpin.schema.yaml */; };
		7B5488C91D2DACDF0056A1BE /* symbols.yaml in Copy Shared Support Files */ = {isa = PBXBuildFile; fileRef = 7B54883B1D2DAAD10056A1BE /* symbols.yaml */; };
		7BDB21231C6EF1BE0025E351 /* SquirrelConfig.m in Sources */ = {isa = PBXBuildFile; fileRef = 7BDB21221C6EF1BE0025E351 /* SquirrelConfig.m */; };
		8D11072B0486CEB800E47090 /* InfoPlist.strings in Resources */ = {isa = PBXBuildFile; fileRef = 089C165CFE840E0CC02AAC07 /* InfoPlist.strings */; };
		8D11072D0486CEB800E47090 /* main.m in Sources */ = {isa = PBXBuildFile; fileRef = 29B97316FDCFA39411CA2CEA /* main.m */; settings = {ATTRIBUTES = (); }; };
		8D11072F0486CEB800E47090 /* Cocoa.framework in Frameworks */ = {isa = PBXBuildFile; fileRef = 1058C7A1FEA54F0111CA2CBB /* Cocoa.framework */; };
		A45578F51146A75200592C6E /* MainMenu.xib in Resources */ = {isa = PBXBuildFile; fileRef = A45578F41146A75200592C6E /* MainMenu.xib */; };
		A47C48DF105E8CE8006D528B /* macos_keycode.m in Sources */ = {isa = PBXBuildFile; fileRef = A47C48DE105E8CE8006D528B /* macos_keycode.m */; };
		A4B8E1B30F645B870094E08B /* Carbon.framework in Frameworks */ = {isa = PBXBuildFile; fileRef = A4B8E1B20F645B870094E08B /* Carbon.framework */; };
		A4FC48CB0F6530EF0069BE81 /* Localizable.strings in Resources */ = {isa = PBXBuildFile; fileRef = A4FC48C90F6530EF0069BE81 /* Localizable.strings */; };
		D26434552706A15100857391 /* QuartzCore.framework in Frameworks */ = {isa = PBXBuildFile; fileRef = D26434542706A15100857391 /* QuartzCore.framework */; };
		E93074B70A5C264700470842 /* InputMethodKit.framework in Frameworks */ = {isa = PBXBuildFile; fileRef = E93074B60A5C264700470842 /* InputMethodKit.framework */; };
/* End PBXBuildFile section */

/* Begin PBXCopyFilesBuildPhase section */
		4407F3CA14EC079A001329FE /* Copy opencc Files */ = {
			isa = PBXCopyFilesBuildPhase;
			buildActionMask = 2147483647;
			dstPath = opencc;
			dstSubfolderSpec = 12;
			files = (
				77AA68142588916F00A592E2 /* hk2s.json in Copy opencc Files */,
				77AA68152588916F00A592E2 /* HKVariants.ocd2 in Copy opencc Files */,
				77AA68162588916F00A592E2 /* HKVariantsRev.ocd2 in Copy opencc Files */,
				77AA68172588916F00A592E2 /* HKVariantsRevPhrases.ocd2 in Copy opencc Files */,
				77AA68182588916F00A592E2 /* jp2t.json in Copy opencc Files */,
				77AA68192588916F00A592E2 /* JPShinjitaiCharacters.ocd2 in Copy opencc Files */,
				77AA681A2588916F00A592E2 /* JPShinjitaiPhrases.ocd2 in Copy opencc Files */,
				77AA681B2588916F00A592E2 /* JPVariants.ocd2 in Copy opencc Files */,
				77AA681C2588916F00A592E2 /* JPVariantsRev.ocd2 in Copy opencc Files */,
				77AA681D2588916F00A592E2 /* s2hk.json in Copy opencc Files */,
				77AA681E2588916F00A592E2 /* s2t.json in Copy opencc Files */,
				77AA681F2588916F00A592E2 /* s2tw.json in Copy opencc Files */,
				77AA68202588916F00A592E2 /* s2twp.json in Copy opencc Files */,
				77AA68212588916F00A592E2 /* STCharacters.ocd2 in Copy opencc Files */,
				77AA68222588916F00A592E2 /* STPhrases.ocd2 in Copy opencc Files */,
				77AA68232588916F00A592E2 /* t2hk.json in Copy opencc Files */,
				77AA68242588916F00A592E2 /* t2jp.json in Copy opencc Files */,
				77AA68252588916F00A592E2 /* t2s.json in Copy opencc Files */,
				77AA68262588916F00A592E2 /* t2tw.json in Copy opencc Files */,
				77AA68272588916F00A592E2 /* TSCharacters.ocd2 in Copy opencc Files */,
				77AA68282588916F00A592E2 /* TSPhrases.ocd2 in Copy opencc Files */,
				77AA68292588916F00A592E2 /* tw2s.json in Copy opencc Files */,
				77AA682A2588916F00A592E2 /* tw2sp.json in Copy opencc Files */,
				77AA682B2588916F00A592E2 /* TWPhrases.ocd2 in Copy opencc Files */,
				77AA682C2588916F00A592E2 /* TWPhrasesRev.ocd2 in Copy opencc Files */,
				77AA682D2588916F00A592E2 /* TWVariants.ocd2 in Copy opencc Files */,
				77AA682E2588916F00A592E2 /* TWVariantsRev.ocd2 in Copy opencc Files */,
				77AA682F2588916F00A592E2 /* TWVariantsRevPhrases.ocd2 in Copy opencc Files */,
			);
			name = "Copy opencc Files";
			runOnlyForDeploymentPostprocessing = 0;
		};
		44DA7A1614DD581B00C1ED3B /* Copy Shared Support Files */ = {
			isa = PBXCopyFilesBuildPhase;
			buildActionMask = 2147483647;
			dstPath = "";
			dstSubfolderSpec = 12;
			files = (
				448363DD25BDBBED0022C7BA /* pinyin.yaml in Copy Shared Support Files */,
				448363DE25BDBBED0022C7BA /* zhuyin.yaml in Copy Shared Support Files */,
				441E637722B7E96F006DCCDD /* bopomofo_express.schema.yaml in Copy Shared Support Files */,
				441E637822B7E96F006DCCDD /* bopomofo_tw.schema.yaml in Copy Shared Support Files */,
				441E637922B7E96F006DCCDD /* bopomofo.schema.yaml in Copy Shared Support Files */,
				441E637A22B7E96F006DCCDD /* cangjie5_express.schema.yaml in Copy Shared Support Files */,
				441E637B22B7E96F006DCCDD /* cangjie5.dict.yaml in Copy Shared Support Files */,
				441E637C22B7E96F006DCCDD /* cangjie5.schema.yaml in Copy Shared Support Files */,
				441E637D22B7E96F006DCCDD /* stroke.dict.yaml in Copy Shared Support Files */,
				441E637E22B7E96F006DCCDD /* stroke.schema.yaml in Copy Shared Support Files */,
				441E637F22B7E96F006DCCDD /* terra_pinyin.dict.yaml in Copy Shared Support Files */,
				441E638022B7E96F006DCCDD /* terra_pinyin.schema.yaml in Copy Shared Support Files */,
				44AEBC7521F569FD00344375 /* key_bindings.yaml in Copy Shared Support Files */,
				44AEBC7621F569FD00344375 /* punctuation.yaml in Copy Shared Support Files */,
				7B5488AF1D2DACDF0056A1BE /* default.yaml in Copy Shared Support Files */,
				7B5488B71D2DACDF0056A1BE /* essay.txt in Copy Shared Support Files */,
				7B5488BC1D2DACDF0056A1BE /* luna_pinyin_fluency.schema.yaml in Copy Shared Support Files */,
				7B5488BD1D2DACDF0056A1BE /* luna_pinyin_simp.schema.yaml in Copy Shared Support Files */,
				7B5488BE1D2DACDF0056A1BE /* luna_pinyin_tw.schema.yaml in Copy Shared Support Files */,
				7B5488BF1D2DACDF0056A1BE /* luna_pinyin.dict.yaml in Copy Shared Support Files */,
				7B5488C01D2DACDF0056A1BE /* luna_pinyin.schema.yaml in Copy Shared Support Files */,
				7B5488C11D2DACDF0056A1BE /* luna_quanpin.schema.yaml in Copy Shared Support Files */,
				7B5488C91D2DACDF0056A1BE /* symbols.yaml in Copy Shared Support Files */,
				442B5B881570C37200370DEA /* squirrel.yaml in Copy Shared Support Files */,
			);
			name = "Copy Shared Support Files";
			runOnlyForDeploymentPostprocessing = 0;
		};
		44E21A8D16A653AC00C2B08F /* CopyFiles */ = {
			isa = PBXCopyFilesBuildPhase;
			buildActionMask = 2147483647;
			dstPath = "";
			dstSubfolderSpec = 6;
			files = (
				442C64921F7A410A0027EFBE /* rime-install in CopyFiles */,
				44E21A9016A653E700C2B08F /* rime_deployer in CopyFiles */,
				44E21A9116A653E700C2B08F /* rime_dict_manager in CopyFiles */,
			);
			runOnlyForDeploymentPostprocessing = 0;
		};
		A464E3780F65263000148227 /* Copy 3rd-party Frameworks */ = {
			isa = PBXCopyFilesBuildPhase;
			buildActionMask = 2147483647;
			dstPath = "";
			dstSubfolderSpec = 10;
			files = (
				44CD640C15E2646B0021234E /* librime.1.dylib in Copy 3rd-party Frameworks */,
				447765CA25C30E97002415AF /* Sparkle.framework in Copy 3rd-party Frameworks */,
			);
			name = "Copy 3rd-party Frameworks";
			runOnlyForDeploymentPostprocessing = 0;
		};
/* End PBXCopyFilesBuildPhase section */

/* Begin PBXFileReference section */
		089C165DFE840E0CC02AAC07 /* en */ = {isa = PBXFileReference; fileEncoding = 4; lastKnownFileType = text.plist.strings; name = en; path = en.lproj/InfoPlist.strings; sourceTree = "<group>"; };
		1058C7A1FEA54F0111CA2CBB /* Cocoa.framework */ = {isa = PBXFileReference; lastKnownFileType = wrapper.framework; name = Cocoa.framework; path = /System/Library/Frameworks/Cocoa.framework; sourceTree = "<absolute>"; };
		29B97316FDCFA39411CA2CEA /* main.m */ = {isa = PBXFileReference; fileEncoding = 4; lastKnownFileType = sourcecode.c.objc; path = main.m; sourceTree = "<group>"; };
		29B97324FDCFA39411CA2CEA /* AppKit.framework */ = {isa = PBXFileReference; lastKnownFileType = wrapper.framework; name = AppKit.framework; path = /System/Library/Frameworks/AppKit.framework; sourceTree = "<absolute>"; };
		29B97325FDCFA39411CA2CEA /* Foundation.framework */ = {isa = PBXFileReference; lastKnownFileType = wrapper.framework; name = Foundation.framework; path = /System/Library/Frameworks/Foundation.framework; sourceTree = "<absolute>"; };
		32CA4F630368D1EE00C91783 /* Squirrel_Prefix.pch */ = {isa = PBXFileReference; fileEncoding = 4; lastKnownFileType = sourcecode.c.h; path = Squirrel_Prefix.pch; sourceTree = "<group>"; };
		441E636322B7E90C006DCCDD /* cangjie5.schema.yaml */ = {isa = PBXFileReference; fileEncoding = 4; lastKnownFileType = text; name = cangjie5.schema.yaml; path = data/plum/cangjie5.schema.yaml; sourceTree = "<group>"; };
		441E636422B7E90C006DCCDD /* terra_pinyin.dict.yaml */ = {isa = PBXFileReference; fileEncoding = 4; lastKnownFileType = text; name = terra_pinyin.dict.yaml; path = data/plum/terra_pinyin.dict.yaml; sourceTree = "<group>"; };
		441E636522B7E90C006DCCDD /* terra_pinyin.schema.yaml */ = {isa = PBXFileReference; fileEncoding = 4; lastKnownFileType = text; name = terra_pinyin.schema.yaml; path = data/plum/terra_pinyin.schema.yaml; sourceTree = "<group>"; };
		441E636622B7E90C006DCCDD /* cangjie5_express.schema.yaml */ = {isa = PBXFileReference; fileEncoding = 4; lastKnownFileType = text; name = cangjie5_express.schema.yaml; path = data/plum/cangjie5_express.schema.yaml; sourceTree = "<group>"; };
		441E636722B7E90D006DCCDD /* bopomofo_tw.schema.yaml */ = {isa = PBXFileReference; fileEncoding = 4; lastKnownFileType = text; name = bopomofo_tw.schema.yaml; path = data/plum/bopomofo_tw.schema.yaml; sourceTree = "<group>"; };
		441E636822B7E90D006DCCDD /* bopomofo.schema.yaml */ = {isa = PBXFileReference; fileEncoding = 4; lastKnownFileType = text; name = bopomofo.schema.yaml; path = data/plum/bopomofo.schema.yaml; sourceTree = "<group>"; };
		441E636922B7E90D006DCCDD /* stroke.dict.yaml */ = {isa = PBXFileReference; fileEncoding = 4; lastKnownFileType = text; name = stroke.dict.yaml; path = data/plum/stroke.dict.yaml; sourceTree = "<group>"; };
		441E636A22B7E90D006DCCDD /* cangjie5.dict.yaml */ = {isa = PBXFileReference; fileEncoding = 4; lastKnownFileType = text; name = cangjie5.dict.yaml; path = data/plum/cangjie5.dict.yaml; sourceTree = "<group>"; };
		441E636B22B7E90D006DCCDD /* stroke.schema.yaml */ = {isa = PBXFileReference; fileEncoding = 4; lastKnownFileType = text; name = stroke.schema.yaml; path = data/plum/stroke.schema.yaml; sourceTree = "<group>"; };
		441E636C22B7E90D006DCCDD /* bopomofo_express.schema.yaml */ = {isa = PBXFileReference; fileEncoding = 4; lastKnownFileType = text; name = bopomofo_express.schema.yaml; path = data/plum/bopomofo_express.schema.yaml; sourceTree = "<group>"; };
		442B5B871570C37200370DEA /* squirrel.yaml */ = {isa = PBXFileReference; fileEncoding = 4; lastKnownFileType = text; name = squirrel.yaml; path = data/squirrel.yaml; sourceTree = "<group>"; };
		442C64901F7A404A0027EFBE /* rime-install */ = {isa = PBXFileReference; fileEncoding = 4; lastKnownFileType = text.script.sh; name = "rime-install"; path = "bin/rime-install"; sourceTree = "<group>"; };
		4443A8391828CC5100731305 /* input_source.m */ = {isa = PBXFileReference; fileEncoding = 4; lastKnownFileType = sourcecode.c.objc; path = input_source.m; sourceTree = "<group>"; };
		446C01D61F767BD400A6C23E /* Assets.xcassets */ = {isa = PBXFileReference; lastKnownFileType = folder.assetcatalog; path = Assets.xcassets; sourceTree = "<group>"; };
		446D18E014F0191200EC3116 /* zh-Hans */ = {isa = PBXFileReference; lastKnownFileType = text.plist.strings; name = "zh-Hans"; path = "zh-Hans.lproj/InfoPlist.strings"; sourceTree = "<group>"; };
		446D18E114F0193100EC3116 /* zh-Hant */ = {isa = PBXFileReference; lastKnownFileType = text.plist.strings; name = "zh-Hant"; path = "zh-Hant.lproj/InfoPlist.strings"; sourceTree = "<group>"; };
		447765C725C30E6B002415AF /* Sparkle.framework */ = {isa = PBXFileReference; lastKnownFileType = wrapper.framework; name = Sparkle.framework; path = Frameworks/Sparkle.framework; sourceTree = "<group>"; };
		448363D925BDBBBF0022C7BA /* pinyin.yaml */ = {isa = PBXFileReference; fileEncoding = 4; lastKnownFileType = text.yaml; name = pinyin.yaml; path = data/plum/pinyin.yaml; sourceTree = "<group>"; };
		448363DA25BDBBBF0022C7BA /* zhuyin.yaml */ = {isa = PBXFileReference; fileEncoding = 4; lastKnownFileType = text.yaml; name = zhuyin.yaml; path = data/plum/zhuyin.yaml; sourceTree = "<group>"; };
		44986A93184B421700B3278D /* LICENSE.txt */ = {isa = PBXFileReference; fileEncoding = 4; lastKnownFileType = text; path = LICENSE.txt; sourceTree = "<group>"; };
		44986A94184B421700B3278D /* README.md */ = {isa = PBXFileReference; fileEncoding = 4; lastKnownFileType = text; path = README.md; sourceTree = "<group>"; };
		44AC95161430CF6000C888FB /* SquirrelApplicationDelegate.h */ = {isa = PBXFileReference; fileEncoding = 4; lastKnownFileType = sourcecode.c.h; path = SquirrelApplicationDelegate.h; sourceTree = "<group>"; };
		44AC95171430CF6000C888FB /* SquirrelApplicationDelegate.m */ = {isa = PBXFileReference; fileEncoding = 4; lastKnownFileType = sourcecode.c.objc; path = SquirrelApplicationDelegate.m; sourceTree = "<group>"; };
		44AC95181430CF6000C888FB /* SquirrelInputController.h */ = {isa = PBXFileReference; fileEncoding = 4; lastKnownFileType = sourcecode.c.h; path = SquirrelInputController.h; sourceTree = "<group>"; };
		44AC95191430CF6000C888FB /* SquirrelInputController.m */ = {isa = PBXFileReference; fileEncoding = 4; lastKnownFileType = sourcecode.c.objc; path = SquirrelInputController.m; sourceTree = "<group>"; };
		44AEBC7121F569CF00344375 /* punctuation.yaml */ = {isa = PBXFileReference; fileEncoding = 4; lastKnownFileType = text; name = punctuation.yaml; path = data/plum/punctuation.yaml; sourceTree = "<group>"; };
		44AEBC7221F569CF00344375 /* key_bindings.yaml */ = {isa = PBXFileReference; fileEncoding = 4; lastKnownFileType = text; name = key_bindings.yaml; path = data/plum/key_bindings.yaml; sourceTree = "<group>"; };
		44CB5E872585EFAE0022654F /* Base */ = {isa = PBXFileReference; lastKnownFileType = file.xib; name = Base; path = Base.lproj/MainMenu.xib; sourceTree = "<group>"; };
		44CD640915E2633D0021234E /* librime.1.dylib */ = {isa = PBXFileReference; lastKnownFileType = "compiled.mach-o.dylib"; name = librime.1.dylib; path = lib/librime.1.dylib; sourceTree = "<group>"; };
		44CD7D9E1828D981006E9222 /* rime.pdf */ = {isa = PBXFileReference; lastKnownFileType = image.pdf; path = rime.pdf; sourceTree = "<group>"; };
		44DA191A152B8CB600FB8EF0 /* zh-Hans */ = {isa = PBXFileReference; lastKnownFileType = file.xib; name = "zh-Hans"; path = "zh-Hans.lproj/MainMenu.xib"; sourceTree = "<group>"; };
		44DA191B152B8CBC00FB8EF0 /* zh-Hant */ = {isa = PBXFileReference; lastKnownFileType = file.xib; name = "zh-Hant"; path = "zh-Hant.lproj/MainMenu.xib"; sourceTree = "<group>"; };
		44E21A8E16A653E700C2B08F /* rime_deployer */ = {isa = PBXFileReference; lastKnownFileType = "compiled.mach-o.executable"; name = rime_deployer; path = bin/rime_deployer; sourceTree = "<group>"; };
		44E21A8F16A653E700C2B08F /* rime_dict_manager */ = {isa = PBXFileReference; lastKnownFileType = "compiled.mach-o.executable"; name = rime_dict_manager; path = bin/rime_dict_manager; sourceTree = "<group>"; };
		44F1EB381431F8270015FD04 /* Squirrel.app */ = {isa = PBXFileReference; explicitFileType = wrapper.application; includeInIndex = 0; path = Squirrel.app; sourceTree = BUILT_PRODUCTS_DIR; };
		44F7708E152B3334005CF491 /* dsa_pub.pem */ = {isa = PBXFileReference; fileEncoding = 4; lastKnownFileType = text; path = dsa_pub.pem; sourceTree = "<group>"; };
		44F84AD514E94C490005D70B /* SquirrelPanel.h */ = {isa = PBXFileReference; fileEncoding = 4; lastKnownFileType = sourcecode.c.h; path = SquirrelPanel.h; sourceTree = "<group>"; };
		44F84AD614E94C490005D70B /* SquirrelPanel.m */ = {isa = PBXFileReference; fileEncoding = 4; lastKnownFileType = sourcecode.c.objc; path = SquirrelPanel.m; sourceTree = "<group>"; };
		44FA4D891685997300116C1F /* zh-Hans */ = {isa = PBXFileReference; lastKnownFileType = text.plist.strings; name = "zh-Hans"; path = "zh-Hans.lproj/Localizable.strings"; sourceTree = "<group>"; };
		44FA4D8E16859B2900116C1F /* zh-Hant */ = {isa = PBXFileReference; lastKnownFileType = text.plist.strings; name = "zh-Hant"; path = "zh-Hant.lproj/Localizable.strings"; sourceTree = "<group>"; };
		77AA67DC2588916300A592E2 /* HKVariants.ocd2 */ = {isa = PBXFileReference; lastKnownFileType = file; path = HKVariants.ocd2; sourceTree = "<group>"; };
		77AA67DD2588916300A592E2 /* t2s.json */ = {isa = PBXFileReference; fileEncoding = 4; lastKnownFileType = text.json; path = t2s.json; sourceTree = "<group>"; };
		77AA67DE2588916300A592E2 /* t2tw.json */ = {isa = PBXFileReference; fileEncoding = 4; lastKnownFileType = text.json; path = t2tw.json; sourceTree = "<group>"; };
		77AA67DF2588916300A592E2 /* tw2s.json */ = {isa = PBXFileReference; fileEncoding = 4; lastKnownFileType = text.json; path = tw2s.json; sourceTree = "<group>"; };
		77AA67E02588916300A592E2 /* HKVariantsRev.ocd2 */ = {isa = PBXFileReference; lastKnownFileType = file; path = HKVariantsRev.ocd2; sourceTree = "<group>"; };
		77AA67E12588916300A592E2 /* JPShinjitaiPhrases.ocd2 */ = {isa = PBXFileReference; lastKnownFileType = file; path = JPShinjitaiPhrases.ocd2; sourceTree = "<group>"; };
		77AA67E22588916300A592E2 /* hk2s.json */ = {isa = PBXFileReference; fileEncoding = 4; lastKnownFileType = text.json; path = hk2s.json; sourceTree = "<group>"; };
		77AA67E32588916300A592E2 /* TSCharacters.ocd2 */ = {isa = PBXFileReference; lastKnownFileType = file; path = TSCharacters.ocd2; sourceTree = "<group>"; };
		77AA67E42588916300A592E2 /* JPVariantsRev.ocd2 */ = {isa = PBXFileReference; lastKnownFileType = file; path = JPVariantsRev.ocd2; sourceTree = "<group>"; };
		77AA67E52588916300A592E2 /* JPShinjitaiCharacters.ocd2 */ = {isa = PBXFileReference; lastKnownFileType = file; path = JPShinjitaiCharacters.ocd2; sourceTree = "<group>"; };
		77AA67E62588916300A592E2 /* JPVariants.ocd2 */ = {isa = PBXFileReference; lastKnownFileType = file; path = JPVariants.ocd2; sourceTree = "<group>"; };
		77AA67E72588916300A592E2 /* TWPhrases.ocd2 */ = {isa = PBXFileReference; lastKnownFileType = file; path = TWPhrases.ocd2; sourceTree = "<group>"; };
		77AA67E82588916300A592E2 /* t2hk.json */ = {isa = PBXFileReference; fileEncoding = 4; lastKnownFileType = text.json; path = t2hk.json; sourceTree = "<group>"; };
		77AA67E92588916300A592E2 /* HKVariantsRevPhrases.ocd2 */ = {isa = PBXFileReference; lastKnownFileType = file; path = HKVariantsRevPhrases.ocd2; sourceTree = "<group>"; };
		77AA67EA2588916300A592E2 /* s2twp.json */ = {isa = PBXFileReference; fileEncoding = 4; lastKnownFileType = text.json; path = s2twp.json; sourceTree = "<group>"; };
		77AA67EB2588916300A592E2 /* TWPhrasesRev.ocd2 */ = {isa = PBXFileReference; lastKnownFileType = file; path = TWPhrasesRev.ocd2; sourceTree = "<group>"; };
		77AA67EC2588916300A592E2 /* tw2sp.json */ = {isa = PBXFileReference; fileEncoding = 4; lastKnownFileType = text.json; path = tw2sp.json; sourceTree = "<group>"; };
		77AA67ED2588916300A592E2 /* s2t.json */ = {isa = PBXFileReference; fileEncoding = 4; lastKnownFileType = text.json; path = s2t.json; sourceTree = "<group>"; };
		77AA67EE2588916300A592E2 /* jp2t.json */ = {isa = PBXFileReference; fileEncoding = 4; lastKnownFileType = text.json; path = jp2t.json; sourceTree = "<group>"; };
		77AA67EF2588916300A592E2 /* t2jp.json */ = {isa = PBXFileReference; fileEncoding = 4; lastKnownFileType = text.json; path = t2jp.json; sourceTree = "<group>"; };
		77AA67F02588916300A592E2 /* s2hk.json */ = {isa = PBXFileReference; fileEncoding = 4; lastKnownFileType = text.json; path = s2hk.json; sourceTree = "<group>"; };
		77AA67F12588916300A592E2 /* TWVariants.ocd2 */ = {isa = PBXFileReference; lastKnownFileType = file; path = TWVariants.ocd2; sourceTree = "<group>"; };
		77AA67F22588916300A592E2 /* TWVariantsRevPhrases.ocd2 */ = {isa = PBXFileReference; lastKnownFileType = file; path = TWVariantsRevPhrases.ocd2; sourceTree = "<group>"; };
		77AA67F32588916400A592E2 /* STCharacters.ocd2 */ = {isa = PBXFileReference; lastKnownFileType = file; path = STCharacters.ocd2; sourceTree = "<group>"; };
		77AA67F42588916400A592E2 /* TWVariantsRev.ocd2 */ = {isa = PBXFileReference; lastKnownFileType = file; path = TWVariantsRev.ocd2; sourceTree = "<group>"; };
		77AA67F52588916400A592E2 /* s2tw.json */ = {isa = PBXFileReference; fileEncoding = 4; lastKnownFileType = text.json; path = s2tw.json; sourceTree = "<group>"; };
		77AA67F62588916400A592E2 /* TSPhrases.ocd2 */ = {isa = PBXFileReference; lastKnownFileType = file; path = TSPhrases.ocd2; sourceTree = "<group>"; };
		77AA67F72588916400A592E2 /* STPhrases.ocd2 */ = {isa = PBXFileReference; lastKnownFileType = file; path = STPhrases.ocd2; sourceTree = "<group>"; };
		7B5488211D2DAAD10056A1BE /* default.yaml */ = {isa = PBXFileReference; lastKnownFileType = text; name = default.yaml; path = data/plum/default.yaml; sourceTree = "<group>"; };
		7B5488291D2DAAD10056A1BE /* essay.txt */ = {isa = PBXFileReference; lastKnownFileType = text; name = essay.txt; path = data/plum/essay.txt; sourceTree = "<group>"; };
		7B54882E1D2DAAD10056A1BE /* luna_pinyin_fluency.schema.yaml */ = {isa = PBXFileReference; lastKnownFileType = text; name = luna_pinyin_fluency.schema.yaml; path = data/plum/luna_pinyin_fluency.schema.yaml; sourceTree = "<group>"; };
		7B54882F1D2DAAD10056A1BE /* luna_pinyin_simp.schema.yaml */ = {isa = PBXFileReference; lastKnownFileType = text; name = luna_pinyin_simp.schema.yaml; path = data/plum/luna_pinyin_simp.schema.yaml; sourceTree = "<group>"; };
		7B5488301D2DAAD10056A1BE /* luna_pinyin_tw.schema.yaml */ = {isa = PBXFileReference; lastKnownFileType = text; name = luna_pinyin_tw.schema.yaml; path = data/plum/luna_pinyin_tw.schema.yaml; sourceTree = "<group>"; };
		7B5488311D2DAAD10056A1BE /* luna_pinyin.dict.yaml */ = {isa = PBXFileReference; lastKnownFileType = text; name = luna_pinyin.dict.yaml; path = data/plum/luna_pinyin.dict.yaml; sourceTree = "<group>"; };
		7B5488321D2DAAD10056A1BE /* luna_pinyin.schema.yaml */ = {isa = PBXFileReference; lastKnownFileType = text; name = luna_pinyin.schema.yaml; path = data/plum/luna_pinyin.schema.yaml; sourceTree = "<group>"; };
		7B5488331D2DAAD10056A1BE /* luna_quanpin.schema.yaml */ = {isa = PBXFileReference; lastKnownFileType = text; name = luna_quanpin.schema.yaml; path = data/plum/luna_quanpin.schema.yaml; sourceTree = "<group>"; };
		7B54883B1D2DAAD10056A1BE /* symbols.yaml */ = {isa = PBXFileReference; lastKnownFileType = text; name = symbols.yaml; path = data/plum/symbols.yaml; sourceTree = "<group>"; };
		7BDB21211C6EF1BE0025E351 /* SquirrelConfig.h */ = {isa = PBXFileReference; fileEncoding = 4; lastKnownFileType = sourcecode.c.h; path = SquirrelConfig.h; sourceTree = "<group>"; };
		7BDB21221C6EF1BE0025E351 /* SquirrelConfig.m */ = {isa = PBXFileReference; fileEncoding = 4; lastKnownFileType = sourcecode.c.objc; path = SquirrelConfig.m; sourceTree = "<group>"; };
		8D1107310486CEB800E47090 /* Info.plist */ = {isa = PBXFileReference; fileEncoding = 4; lastKnownFileType = text.plist; path = Info.plist; sourceTree = "<group>"; };
		A44571AB0DBF42C200F793F9 /* macos_keycode.h */ = {isa = PBXFileReference; fileEncoding = 4; lastKnownFileType = sourcecode.c.h; path = macos_keycode.h; sourceTree = "<group>"; };
		A47C48DE105E8CE8006D528B /* macos_keycode.m */ = {isa = PBXFileReference; fileEncoding = 4; lastKnownFileType = sourcecode.c.objc; path = macos_keycode.m; sourceTree = "<group>"; };
		A4B8E1B20F645B870094E08B /* Carbon.framework */ = {isa = PBXFileReference; lastKnownFileType = wrapper.framework; name = Carbon.framework; path = /System/Library/Frameworks/Carbon.framework; sourceTree = "<absolute>"; };
		A4FC48CA0F6530EF0069BE81 /* en */ = {isa = PBXFileReference; fileEncoding = 4; lastKnownFileType = text.plist.strings; name = en; path = en.lproj/Localizable.strings; sourceTree = "<group>"; };
		D26434542706A15100857391 /* QuartzCore.framework */ = {isa = PBXFileReference; lastKnownFileType = wrapper.framework; name = QuartzCore.framework; path = System/Library/Frameworks/QuartzCore.framework; sourceTree = SDKROOT; };
		E93074B60A5C264700470842 /* InputMethodKit.framework */ = {isa = PBXFileReference; lastKnownFileType = wrapper.framework; name = InputMethodKit.framework; path = /System/Library/Frameworks/InputMethodKit.framework; sourceTree = "<absolute>"; };
		F4A90994297F63AE00D9F520 /* zh-HK */ = {isa = PBXFileReference; lastKnownFileType = text.plist.strings; name = "zh-HK"; path = "zh-HK.lproj/Localizable.strings"; sourceTree = "<group>"; };
		F4A90995297F63AE00D9F520 /* zh-HK */ = {isa = PBXFileReference; lastKnownFileType = text.plist.strings; name = "zh-HK"; path = "zh-HK.lproj/InfoPlist.strings"; sourceTree = "<group>"; };
		F4A90996297F63AE00D9F520 /* zh-HK */ = {isa = PBXFileReference; lastKnownFileType = file.xib; name = "zh-HK"; path = "zh-HK.lproj/MainMenu.xib"; sourceTree = "<group>"; };
/* End PBXFileReference section */

/* Begin PBXFrameworksBuildPhase section */
		8D11072E0486CEB800E47090 /* Frameworks */ = {
			isa = PBXFrameworksBuildPhase;
			buildActionMask = 2147483647;
			files = (
				D26434552706A15100857391 /* QuartzCore.framework in Frameworks */,
				8D11072F0486CEB800E47090 /* Cocoa.framework in Frameworks */,
				E93074B70A5C264700470842 /* InputMethodKit.framework in Frameworks */,
				A4B8E1B30F645B870094E08B /* Carbon.framework in Frameworks */,
				447765C925C30E97002415AF /* Sparkle.framework in Frameworks */,
			);
			runOnlyForDeploymentPostprocessing = 0;
		};
/* End PBXFrameworksBuildPhase section */

/* Begin PBXGroup section */
		080E96DDFE201D6D7F000001 /* Sources */ = {
			isa = PBXGroup;
			children = (
				44AC95161430CF6000C888FB /* SquirrelApplicationDelegate.h */,
				44AC95171430CF6000C888FB /* SquirrelApplicationDelegate.m */,
				44AC95181430CF6000C888FB /* SquirrelInputController.h */,
				44AC95191430CF6000C888FB /* SquirrelInputController.m */,
				A47C48DE105E8CE8006D528B /* macos_keycode.m */,
				A44571AB0DBF42C200F793F9 /* macos_keycode.h */,
				32CA4F630368D1EE00C91783 /* Squirrel_Prefix.pch */,
				4443A8391828CC5100731305 /* input_source.m */,
				29B97316FDCFA39411CA2CEA /* main.m */,
				44F84AD514E94C490005D70B /* SquirrelPanel.h */,
				44F84AD614E94C490005D70B /* SquirrelPanel.m */,
				7BDB21211C6EF1BE0025E351 /* SquirrelConfig.h */,
				7BDB21221C6EF1BE0025E351 /* SquirrelConfig.m */,
			);
			name = Sources;
			sourceTree = "<group>";
		};
		1058C7A0FEA54F0111CA2CBB /* Linked Frameworks */ = {
			isa = PBXGroup;
			children = (
				44CD640915E2633D0021234E /* librime.1.dylib */,
				447765C725C30E6B002415AF /* Sparkle.framework */,
				1058C7A1FEA54F0111CA2CBB /* Cocoa.framework */,
			);
			name = "Linked Frameworks";
			sourceTree = "<group>";
		};
		1058C7A2FEA54F0111CA2CBB /* Other Frameworks */ = {
			isa = PBXGroup;
			children = (
				A4B8E1B20F645B870094E08B /* Carbon.framework */,
				E93074B60A5C264700470842 /* InputMethodKit.framework */,
				29B97324FDCFA39411CA2CEA /* AppKit.framework */,
				29B97325FDCFA39411CA2CEA /* Foundation.framework */,
			);
			name = "Other Frameworks";
			sourceTree = "<group>";
		};
		19C28FACFE9D520D11CA2CBB /* Products */ = {
			isa = PBXGroup;
			children = (
				44F1EB381431F8270015FD04 /* Squirrel.app */,
			);
			name = Products;
			sourceTree = "<group>";
		};
		29B97314FDCFA39411CA2CEA /* Squirrel */ = {
			isa = PBXGroup;
			children = (
				442C648F1F7A40180027EFBE /* bin */,
				44DA7A4214DD598900C1ED3B /* SharedSupport */,
				080E96DDFE201D6D7F000001 /* Sources */,
				29B97317FDCFA39411CA2CEA /* Resources */,
				29B97323FDCFA39411CA2CEA /* Frameworks */,
				19C28FACFE9D520D11CA2CBB /* Products */,
			);
			indentWidth = 2;
			name = Squirrel;
			sourceTree = "<group>";
			tabWidth = 2;
		};
		29B97317FDCFA39411CA2CEA /* Resources */ = {
			isa = PBXGroup;
			children = (
				44986A93184B421700B3278D /* LICENSE.txt */,
				44986A94184B421700B3278D /* README.md */,
				44CD7D9E1828D981006E9222 /* rime.pdf */,
				44F7708E152B3334005CF491 /* dsa_pub.pem */,
				A4FC48C90F6530EF0069BE81 /* Localizable.strings */,
				8D1107310486CEB800E47090 /* Info.plist */,
				089C165CFE840E0CC02AAC07 /* InfoPlist.strings */,
				A45578F41146A75200592C6E /* MainMenu.xib */,
				446C01D61F767BD400A6C23E /* Assets.xcassets */,
			);
			name = Resources;
			sourceTree = "<group>";
		};
		29B97323FDCFA39411CA2CEA /* Frameworks */ = {
			isa = PBXGroup;
			children = (
				D26434542706A15100857391 /* QuartzCore.framework */,
				1058C7A0FEA54F0111CA2CBB /* Linked Frameworks */,
				1058C7A2FEA54F0111CA2CBB /* Other Frameworks */,
			);
			name = Frameworks;
			sourceTree = "<group>";
		};
		4407F39D14EC071E001329FE /* opencc */ = {
			isa = PBXGroup;
			children = (
				77AA67E22588916300A592E2 /* hk2s.json */,
				77AA67DC2588916300A592E2 /* HKVariants.ocd2 */,
				77AA67E02588916300A592E2 /* HKVariantsRev.ocd2 */,
				77AA67E92588916300A592E2 /* HKVariantsRevPhrases.ocd2 */,
				77AA67EE2588916300A592E2 /* jp2t.json */,
				77AA67E52588916300A592E2 /* JPShinjitaiCharacters.ocd2 */,
				77AA67E12588916300A592E2 /* JPShinjitaiPhrases.ocd2 */,
				77AA67E62588916300A592E2 /* JPVariants.ocd2 */,
				77AA67E42588916300A592E2 /* JPVariantsRev.ocd2 */,
				77AA67F02588916300A592E2 /* s2hk.json */,
				77AA67ED2588916300A592E2 /* s2t.json */,
				77AA67F52588916400A592E2 /* s2tw.json */,
				77AA67EA2588916300A592E2 /* s2twp.json */,
				77AA67F32588916400A592E2 /* STCharacters.ocd2 */,
				77AA67F72588916400A592E2 /* STPhrases.ocd2 */,
				77AA67E82588916300A592E2 /* t2hk.json */,
				77AA67EF2588916300A592E2 /* t2jp.json */,
				77AA67DD2588916300A592E2 /* t2s.json */,
				77AA67DE2588916300A592E2 /* t2tw.json */,
				77AA67E32588916300A592E2 /* TSCharacters.ocd2 */,
				77AA67F62588916400A592E2 /* TSPhrases.ocd2 */,
				77AA67DF2588916300A592E2 /* tw2s.json */,
				77AA67EC2588916300A592E2 /* tw2sp.json */,
				77AA67E72588916300A592E2 /* TWPhrases.ocd2 */,
				77AA67EB2588916300A592E2 /* TWPhrasesRev.ocd2 */,
				77AA67F12588916300A592E2 /* TWVariants.ocd2 */,
				77AA67F42588916400A592E2 /* TWVariantsRev.ocd2 */,
				77AA67F22588916300A592E2 /* TWVariantsRevPhrases.ocd2 */,
			);
			name = opencc;
			path = data/opencc;
			sourceTree = "<group>";
		};
		442C648F1F7A40180027EFBE /* bin */ = {
			isa = PBXGroup;
			children = (
				442C64901F7A404A0027EFBE /* rime-install */,
				44E21A8E16A653E700C2B08F /* rime_deployer */,
				44E21A8F16A653E700C2B08F /* rime_dict_manager */,
			);
			name = bin;
			sourceTree = "<group>";
		};
		44DA7A4214DD598900C1ED3B /* SharedSupport */ = {
			isa = PBXGroup;
			children = (
				442B5B871570C37200370DEA /* squirrel.yaml */,
				7B5488A71D2DAC9D0056A1BE /* plum */,
				4407F39D14EC071E001329FE /* opencc */,
			);
			name = SharedSupport;
			sourceTree = "<group>";
		};
		7B5488A71D2DAC9D0056A1BE /* plum */ = {
			isa = PBXGroup;
			children = (
				448363D925BDBBBF0022C7BA /* pinyin.yaml */,
				448363DA25BDBBBF0022C7BA /* zhuyin.yaml */,
				441E636C22B7E90D006DCCDD /* bopomofo_express.schema.yaml */,
				441E636722B7E90D006DCCDD /* bopomofo_tw.schema.yaml */,
				441E636822B7E90D006DCCDD /* bopomofo.schema.yaml */,
				441E636622B7E90C006DCCDD /* cangjie5_express.schema.yaml */,
				441E636A22B7E90D006DCCDD /* cangjie5.dict.yaml */,
				441E636322B7E90C006DCCDD /* cangjie5.schema.yaml */,
				441E636922B7E90D006DCCDD /* stroke.dict.yaml */,
				441E636B22B7E90D006DCCDD /* stroke.schema.yaml */,
				441E636422B7E90C006DCCDD /* terra_pinyin.dict.yaml */,
				441E636522B7E90C006DCCDD /* terra_pinyin.schema.yaml */,
				7B5488211D2DAAD10056A1BE /* default.yaml */,
				7B5488291D2DAAD10056A1BE /* essay.txt */,
				7B54882E1D2DAAD10056A1BE /* luna_pinyin_fluency.schema.yaml */,
				7B54882F1D2DAAD10056A1BE /* luna_pinyin_simp.schema.yaml */,
				7B5488301D2DAAD10056A1BE /* luna_pinyin_tw.schema.yaml */,
				7B5488311D2DAAD10056A1BE /* luna_pinyin.dict.yaml */,
				7B5488321D2DAAD10056A1BE /* luna_pinyin.schema.yaml */,
				7B5488331D2DAAD10056A1BE /* luna_quanpin.schema.yaml */,
				44AEBC7221F569CF00344375 /* key_bindings.yaml */,
				44AEBC7121F569CF00344375 /* punctuation.yaml */,
				7B54883B1D2DAAD10056A1BE /* symbols.yaml */,
			);
			name = plum;
			sourceTree = "<group>";
		};
/* End PBXGroup section */

/* Begin PBXNativeTarget section */
		8D1107260486CEB800E47090 /* Squirrel */ = {
			isa = PBXNativeTarget;
			buildConfigurationList = C01FCF4A08A954540054247B /* Build configuration list for PBXNativeTarget "Squirrel" */;
			buildPhases = (
				8D1107290486CEB800E47090 /* Resources */,
				8D11072C0486CEB800E47090 /* Sources */,
				8D11072E0486CEB800E47090 /* Frameworks */,
				A464E3780F65263000148227 /* Copy 3rd-party Frameworks */,
				44DA7A1614DD581B00C1ED3B /* Copy Shared Support Files */,
				4407F3CA14EC079A001329FE /* Copy opencc Files */,
				44E21A8D16A653AC00C2B08F /* CopyFiles */,
			);
			buildRules = (
			);
			dependencies = (
			);
			name = Squirrel;
			packageProductDependencies = (
			);
			productInstallPath = "$(HOME)/Applications";
			productName = Squirrel;
			productReference = 44F1EB381431F8270015FD04 /* Squirrel.app */;
			productType = "com.apple.product-type.application";
		};
/* End PBXNativeTarget section */

/* Begin PBXProject section */
		29B97313FDCFA39411CA2CEA /* Project object */ = {
			isa = PBXProject;
			attributes = {
				LastUpgradeCheck = 1220;
			};
			buildConfigurationList = C01FCF4E08A954540054247B /* Build configuration list for PBXProject "Squirrel" */;
			compatibilityVersion = "Xcode 10.0";
			developmentRegion = en;
			hasScannedForEncodings = 1;
			knownRegions = (
				en,
				"zh-Hans",
				"zh-Hant",
				"zh-HK",
				Base,
			);
			mainGroup = 29B97314FDCFA39411CA2CEA /* Squirrel */;
			packageReferences = (
			);
			projectDirPath = "";
			projectRoot = "";
			targets = (
				8D1107260486CEB800E47090 /* Squirrel */,
			);
		};
/* End PBXProject section */

/* Begin PBXResourcesBuildPhase section */
		8D1107290486CEB800E47090 /* Resources */ = {
			isa = PBXResourcesBuildPhase;
			buildActionMask = 2147483647;
			files = (
				8D11072B0486CEB800E47090 /* InfoPlist.strings in Resources */,
				A45578F51146A75200592C6E /* MainMenu.xib in Resources */,
				446C01D71F767BD400A6C23E /* Assets.xcassets in Resources */,
				A4FC48CB0F6530EF0069BE81 /* Localizable.strings in Resources */,
				44986A95184B421700B3278D /* LICENSE.txt in Resources */,
				44986A96184B421700B3278D /* README.md in Resources */,
				44F7708F152B3334005CF491 /* dsa_pub.pem in Resources */,
				44CD7D9F1828D981006E9222 /* rime.pdf in Resources */,
			);
			runOnlyForDeploymentPostprocessing = 0;
		};
/* End PBXResourcesBuildPhase section */

/* Begin PBXSourcesBuildPhase section */
		8D11072C0486CEB800E47090 /* Sources */ = {
			isa = PBXSourcesBuildPhase;
			buildActionMask = 2147483647;
			files = (
				7BDB21231C6EF1BE0025E351 /* SquirrelConfig.m in Sources */,
				8D11072D0486CEB800E47090 /* main.m in Sources */,
				A47C48DF105E8CE8006D528B /* macos_keycode.m in Sources */,
				44AC951A1430CF6000C888FB /* SquirrelApplicationDelegate.m in Sources */,
				44AC951B1430CF6000C888FB /* SquirrelInputController.m in Sources */,
				4443A83A1828CC5100731305 /* input_source.m in Sources */,
				44F84AD714E94C490005D70B /* SquirrelPanel.m in Sources */,
			);
			runOnlyForDeploymentPostprocessing = 0;
		};
/* End PBXSourcesBuildPhase section */

/* Begin PBXVariantGroup section */
		089C165CFE840E0CC02AAC07 /* InfoPlist.strings */ = {
			isa = PBXVariantGroup;
			children = (
				089C165DFE840E0CC02AAC07 /* en */,
				446D18E014F0191200EC3116 /* zh-Hans */,
				446D18E114F0193100EC3116 /* zh-Hant */,
				F4A90995297F63AE00D9F520 /* zh-HK */,
			);
			name = InfoPlist.strings;
			sourceTree = "<group>";
		};
		A45578F41146A75200592C6E /* MainMenu.xib */ = {
			isa = PBXVariantGroup;
			children = (
				44DA191A152B8CB600FB8EF0 /* zh-Hans */,
				44DA191B152B8CBC00FB8EF0 /* zh-Hant */,
				F4A90996297F63AE00D9F520 /* zh-HK */,
				44CB5E872585EFAE0022654F /* Base */,
			);
			name = MainMenu.xib;
			sourceTree = "<group>";
		};
		A4FC48C90F6530EF0069BE81 /* Localizable.strings */ = {
			isa = PBXVariantGroup;
			children = (
				A4FC48CA0F6530EF0069BE81 /* en */,
				44FA4D891685997300116C1F /* zh-Hans */,
				44FA4D8E16859B2900116C1F /* zh-Hant */,
				F4A90994297F63AE00D9F520 /* zh-HK */,
			);
			name = Localizable.strings;
			sourceTree = "<group>";
		};
/* End PBXVariantGroup section */

/* Begin XCBuildConfiguration section */
		C01FCF4B08A954540054247B /* Debug */ = {
			isa = XCBuildConfiguration;
			buildSettings = {
				CLANG_CXX_LIBRARY = "libc++";
				CLANG_ENABLE_OBJC_ARC = YES;
				CODE_SIGN_IDENTITY = "-";
				COMBINE_HIDPI_IMAGES = YES;
				COPY_PHASE_STRIP = NO;
				CURRENT_PROJECT_VERSION = 0.17.2;
				DEAD_CODE_STRIPPING = YES;
				FRAMEWORK_SEARCH_PATHS = (
					"$(inherited)",
					"$(FRAMEWORK_SEARCH_PATHS_QUOTED_FOR_TARGET_1)",
					"$(FRAMEWORK_SEARCH_PATHS_QUOTED_FOR_TARGET_2)",
					"$(SRCROOT)",
					"$(PROJECT_DIR)/Frameworks",
				);
				FRAMEWORK_SEARCH_PATHS_QUOTED_FOR_TARGET_1 = "\"$(SRCROOT)\"";
				FRAMEWORK_SEARCH_PATHS_QUOTED_FOR_TARGET_2 = "\"$(SRCROOT)\"";
				GCC_DYNAMIC_NO_PIC = NO;
				GCC_MODEL_TUNING = G5;
				GCC_OPTIMIZATION_LEVEL = 0;
				INFOPLIST_FILE = Info.plist;
				INFOPLIST_KEY_CFBundleDisplayName = "Squirrel Input Method";
				INFOPLIST_KEY_LSApplicationCategoryType = "public.app-category.utilities";
				INSTALL_PATH = "\"/Library/Input Methods\"";
				LD_RUNPATH_SEARCH_PATHS = (
					"$(inherited)",
					"@executable_path/../Frameworks",
				);
				LIBRARY_SEARCH_PATHS = (
					"$(inherited)",
					"$(LIBRARY_SEARCH_PATHS_QUOTED_FOR_TARGET_1)",
				);
				MACOSX_DEPLOYMENT_TARGET = 12.0;
				OTHER_CODE_SIGN_FLAGS = "--deep";
				OTHER_CPLUSPLUSFLAGS = (
					"-DLEOPARD",
					"-DHAVE_CONFIG_H",
					"$(OTHER_CPLUSPLUSFLAGS_QUOTED_FOR_TARGET_1)",
					"$(OTHER_CPLUSPLUSFLAGS_QUOTED_FOR_TARGET_2)",
				);
				OTHER_LDFLAGS = "-lrime.1";
				PRODUCT_BUNDLE_IDENTIFIER = im.rime.inputmethod.Squirrel;
				PRODUCT_NAME = Squirrel;
				SDKROOT = macosx;
				WRAPPER_EXTENSION = app;
			};
			name = Debug;
		};
		C01FCF4C08A954540054247B /* Release */ = {
			isa = XCBuildConfiguration;
			buildSettings = {
				CLANG_CXX_LIBRARY = "libc++";
				CLANG_ENABLE_OBJC_ARC = YES;
				CODE_SIGN_IDENTITY = "-";
				COMBINE_HIDPI_IMAGES = YES;
				CURRENT_PROJECT_VERSION = 0.17.2;
				DEAD_CODE_STRIPPING = YES;
				FRAMEWORK_SEARCH_PATHS = (
					"$(inherited)",
					"$(FRAMEWORK_SEARCH_PATHS_QUOTED_FOR_TARGET_1)",
					"$(FRAMEWORK_SEARCH_PATHS_QUOTED_FOR_TARGET_2)",
					"$(SRCROOT)",
					"$(PROJECT_DIR)/Frameworks",
				);
				FRAMEWORK_SEARCH_PATHS_QUOTED_FOR_TARGET_1 = "\"$(SRCROOT)\"";
				FRAMEWORK_SEARCH_PATHS_QUOTED_FOR_TARGET_2 = "\"$(SRCROOT)\"";
				GCC_GENERATE_DEBUGGING_SYMBOLS = NO;
				GCC_MODEL_TUNING = G5;
				INFOPLIST_FILE = Info.plist;
				INFOPLIST_KEY_CFBundleDisplayName = "Squirrel Input Method";
				INFOPLIST_KEY_LSApplicationCategoryType = "public.app-category.utilities";
				INSTALL_PATH = "\"/Library/Input Methods\"";
				LD_RUNPATH_SEARCH_PATHS = (
					"$(inherited)",
					"@executable_path/../Frameworks",
				);
				LIBRARY_SEARCH_PATHS = (
					"$(inherited)",
					"$(LIBRARY_SEARCH_PATHS_QUOTED_FOR_TARGET_1)",
				);
				MACOSX_DEPLOYMENT_TARGET = 12.0;
				OTHER_CODE_SIGN_FLAGS = "--deep";
				OTHER_CPLUSPLUSFLAGS = (
					"-DLEOPARD",
					"-DHAVE_CONFIG_H",
					"$(OTHER_CPLUSPLUSFLAGS_QUOTED_FOR_TARGET_1)",
					"$(OTHER_CPLUSPLUSFLAGS_QUOTED_FOR_TARGET_2)",
				);
				OTHER_LDFLAGS = "-lrime.1";
				PRODUCT_BUNDLE_IDENTIFIER = im.rime.inputmethod.Squirrel;
				PRODUCT_NAME = Squirrel;
				SDKROOT = macosx;
				WRAPPER_EXTENSION = app;
			};
			name = Release;
		};
		C01FCF4F08A954540054247B /* Debug */ = {
			isa = XCBuildConfiguration;
			buildSettings = {
				ALWAYS_SEARCH_USER_PATHS = NO;
				ASSETCATALOG_COMPILER_APPICON_NAME = RimeIcon;
				CLANG_ANALYZER_LOCALIZABILITY_NONLOCALIZED = YES;
				CLANG_WARN_BLOCK_CAPTURE_AUTORELEASING = YES;
				CLANG_WARN_BOOL_CONVERSION = YES;
				CLANG_WARN_COMMA = YES;
				CLANG_WARN_CONSTANT_CONVERSION = YES;
				CLANG_WARN_DEPRECATED_OBJC_IMPLEMENTATIONS = YES;
				CLANG_WARN_EMPTY_BODY = YES;
				CLANG_WARN_ENUM_CONVERSION = YES;
				CLANG_WARN_INFINITE_RECURSION = YES;
				CLANG_WARN_INT_CONVERSION = YES;
				CLANG_WARN_NON_LITERAL_NULL_CONVERSION = YES;
				CLANG_WARN_OBJC_IMPLICIT_RETAIN_SELF = YES;
				CLANG_WARN_OBJC_LITERAL_CONVERSION = YES;
				CLANG_WARN_QUOTED_INCLUDE_IN_FRAMEWORK_HEADER = YES;
				CLANG_WARN_RANGE_LOOP_ANALYSIS = YES;
				CLANG_WARN_STRICT_PROTOTYPES = YES;
				CLANG_WARN_SUSPICIOUS_MOVE = YES;
				CLANG_WARN_UNREACHABLE_CODE = YES;
				CLANG_WARN__DUPLICATE_METHOD_MATCH = YES;
				DEAD_CODE_STRIPPING = YES;
				ENABLE_STRICT_OBJC_MSGSEND = YES;
				ENABLE_TESTABILITY = YES;
				GCC_NO_COMMON_BLOCKS = YES;
				GCC_WARN_64_TO_32_BIT_CONVERSION = YES;
				GCC_WARN_ABOUT_RETURN_TYPE = YES;
				GCC_WARN_UNDECLARED_SELECTOR = YES;
				GCC_WARN_UNINITIALIZED_AUTOS = YES;
				GCC_WARN_UNUSED_FUNCTION = YES;
				GCC_WARN_UNUSED_VARIABLE = YES;
				HEADER_SEARCH_PATHS = (
					"$(HEADER_SEARCH_PATHS_QUOTED_FOR_PROJECT_1)",
					"$(HEADER_SEARCH_PATHS_QUOTED_FOR_PROJECT_2)",
				);
				HEADER_SEARCH_PATHS_QUOTED_FOR_PROJECT_1 = "\"$(SRCROOT)/librime/src\"";
				HEADER_SEARCH_PATHS_QUOTED_FOR_PROJECT_2 = "\"$(SRCROOT)/librime/include\"";
				LD_RUNPATH_SEARCH_PATHS = (
					"@loader_path/../Frameworks",
					"@loader_path/../Library/OpenSource",
					"@loader_path/../Library/Frameworks",
					/usr/lib,
					/usr/local/lib,
				);
				LIBRARY_SEARCH_PATHS = "$(SRCROOT)/lib";
				MACOSX_DEPLOYMENT_TARGET = 12.0;
				ONLY_ACTIVE_ARCH = YES;
				SDKROOT = macosx;
				SYSTEM_HEADER_SEARCH_PATHS = /Applications/Xcode.app/Contents/Developer/Platforms/MacOSX.platform/Developer/SDKs/MacOSX.sdk/System/Library/Frameworks/Tk.framework/Headers;
			};
			name = Debug;
		};
		C01FCF5008A954540054247B /* Release */ = {
			isa = XCBuildConfiguration;
			buildSettings = {
				ALWAYS_SEARCH_USER_PATHS = NO;
				ASSETCATALOG_COMPILER_APPICON_NAME = RimeIcon;
				CLANG_ANALYZER_LOCALIZABILITY_NONLOCALIZED = YES;
				CLANG_WARN_BLOCK_CAPTURE_AUTORELEASING = YES;
				CLANG_WARN_BOOL_CONVERSION = YES;
				CLANG_WARN_COMMA = YES;
				CLANG_WARN_CONSTANT_CONVERSION = YES;
				CLANG_WARN_DEPRECATED_OBJC_IMPLEMENTATIONS = YES;
				CLANG_WARN_EMPTY_BODY = YES;
				CLANG_WARN_ENUM_CONVERSION = YES;
				CLANG_WARN_INFINITE_RECURSION = YES;
				CLANG_WARN_INT_CONVERSION = YES;
				CLANG_WARN_NON_LITERAL_NULL_CONVERSION = YES;
				CLANG_WARN_OBJC_IMPLICIT_RETAIN_SELF = YES;
				CLANG_WARN_OBJC_LITERAL_CONVERSION = YES;
				CLANG_WARN_QUOTED_INCLUDE_IN_FRAMEWORK_HEADER = YES;
				CLANG_WARN_RANGE_LOOP_ANALYSIS = YES;
				CLANG_WARN_STRICT_PROTOTYPES = YES;
				CLANG_WARN_SUSPICIOUS_MOVE = YES;
				CLANG_WARN_UNREACHABLE_CODE = YES;
				CLANG_WARN__DUPLICATE_METHOD_MATCH = YES;
				CONFIGURATION_BUILD_DIR = "$(BUILD_DIR)/Release";
				DEAD_CODE_STRIPPING = YES;
				ENABLE_STRICT_OBJC_MSGSEND = YES;
				GCC_NO_COMMON_BLOCKS = YES;
				GCC_WARN_64_TO_32_BIT_CONVERSION = YES;
				GCC_WARN_ABOUT_RETURN_TYPE = YES;
				GCC_WARN_UNDECLARED_SELECTOR = YES;
				GCC_WARN_UNINITIALIZED_AUTOS = YES;
				GCC_WARN_UNUSED_FUNCTION = YES;
				GCC_WARN_UNUSED_VARIABLE = YES;
				HEADER_SEARCH_PATHS = (
					"$(HEADER_SEARCH_PATHS_QUOTED_FOR_PROJECT_1)",
					"$(HEADER_SEARCH_PATHS_QUOTED_FOR_PROJECT_2)",
				);
				HEADER_SEARCH_PATHS_QUOTED_FOR_PROJECT_1 = "\"$(SRCROOT)/librime/src\"";
				HEADER_SEARCH_PATHS_QUOTED_FOR_PROJECT_2 = "\"$(SRCROOT)/librime/include\"";
				LD_RUNPATH_SEARCH_PATHS = (
					"@loader_path/../Frameworks\n\n@loader_path/../Library/OpenSource\n\n@loader_path/../Library/Frameworks",
					/usr/lib,
				);
				LIBRARY_SEARCH_PATHS = "$(SRCROOT)/lib";
				MACOSX_DEPLOYMENT_TARGET = 12.0;
				ONLY_ACTIVE_ARCH = YES;
				SDKROOT = macosx;
				SYSTEM_HEADER_SEARCH_PATHS = /Applications/Xcode.app/Contents/Developer/Platforms/MacOSX.platform/Developer/SDKs/MacOSX.sdk/System/Library/Frameworks/Tk.framework/Headers;
			};
			name = Release;
		};
/* End XCBuildConfiguration section */

/* Begin XCConfigurationList section */
		C01FCF4A08A954540054247B /* Build configuration list for PBXNativeTarget "Squirrel" */ = {
			isa = XCConfigurationList;
			buildConfigurations = (
				C01FCF4B08A954540054247B /* Debug */,
				C01FCF4C08A954540054247B /* Release */,
			);
			defaultConfigurationIsVisible = 0;
			defaultConfigurationName = Release;
		};
		C01FCF4E08A954540054247B /* Build configuration list for PBXProject "Squirrel" */ = {
			isa = XCConfigurationList;
			buildConfigurations = (
				C01FCF4F08A954540054247B /* Debug */,
				C01FCF5008A954540054247B /* Release */,
			);
			defaultConfigurationIsVisible = 0;
			defaultConfigurationName = Release;
		};
/* End XCConfigurationList section */
	};
	rootObject = 29B97313FDCFA39411CA2CEA /* Project object */;
}
