// !$*UTF8*$!
{
	archiveVersion = 1;
	classes = {
	};
	objectVersion = 42;
	objects = {

/* Begin PBXBuildFile section */
		4407F3B014EC078F001329FE /* to_tw_variants.txt in Copy opencc Files */ = {isa = PBXBuildFile; fileRef = 4407F39E14EC071E001329FE /* to_tw_variants.txt */; };
		4407F3B114EC078F001329FE /* trad_to_simp_characters.ocd in Copy opencc Files */ = {isa = PBXBuildFile; fileRef = 4407F39F14EC071E001329FE /* trad_to_simp_characters.ocd */; };
		4407F3B214EC078F001329FE /* trad_to_simp_phrases.ocd in Copy opencc Files */ = {isa = PBXBuildFile; fileRef = 4407F3A014EC071E001329FE /* trad_to_simp_phrases.ocd */; };
		4407F3B314EC078F001329FE /* zht2zhs.ini in Copy opencc Files */ = {isa = PBXBuildFile; fileRef = 4407F3A114EC071E001329FE /* zht2zhs.ini */; };
		4407F3B414EC078F001329FE /* zht2zhtw_v.ini in Copy opencc Files */ = {isa = PBXBuildFile; fileRef = 4407F3A214EC071E001329FE /* zht2zhtw_v.ini */; };
		4426D35E150290C3009100C7 /* terra_pinyin.dict.yaml in Copy Shared Support Files */ = {isa = PBXBuildFile; fileRef = 4426D34515028210009100C7 /* terra_pinyin.dict.yaml */; };
		4426D35F150290C3009100C7 /* terra_pinyin.schema.yaml in Copy Shared Support Files */ = {isa = PBXBuildFile; fileRef = 4426D34615028210009100C7 /* terra_pinyin.schema.yaml */; };
		4426D360150290CF009100C7 /* bopomofo.schema.yaml in Copy Shared Support Files */ = {isa = PBXBuildFile; fileRef = 4426D34415028210009100C7 /* bopomofo.schema.yaml */; };
		442B5B881570C37200370DEA /* squirrel.yaml in Copy Shared Support Files */ = {isa = PBXBuildFile; fileRef = 442B5B871570C37200370DEA /* squirrel.yaml */; };
		444B32CC153A76A000664038 /* pinyin_simp.dict.yaml in Copy Shared Support Files */ = {isa = PBXBuildFile; fileRef = 444B32C6153A76A000664038 /* pinyin_simp.dict.yaml */; };
		444B32CD153A76A000664038 /* pinyin_simp.schema.yaml in Copy Shared Support Files */ = {isa = PBXBuildFile; fileRef = 444B32C7153A76A000664038 /* pinyin_simp.schema.yaml */; };
		444B32CE153A76A000664038 /* stroke_simp.dict.yaml in Copy Shared Support Files */ = {isa = PBXBuildFile; fileRef = 444B32C8153A76A000664038 /* stroke_simp.dict.yaml */; };
		444B32CF153A76A000664038 /* stroke_simp.schema.yaml in Copy Shared Support Files */ = {isa = PBXBuildFile; fileRef = 444B32C9153A76A000664038 /* stroke_simp.schema.yaml */; };
		44935C1614F0531D00346874 /* double_pinyin.schema.yaml in Copy Shared Support Files */ = {isa = PBXBuildFile; fileRef = 44935C0214F052EC00346874 /* double_pinyin.schema.yaml */; };
		44935C1714F0531D00346874 /* jyutping.dict.yaml in Copy Shared Support Files */ = {isa = PBXBuildFile; fileRef = 44935C0314F052EC00346874 /* jyutping.dict.yaml */; };
		44935C1814F0531D00346874 /* jyutping.schema.yaml in Copy Shared Support Files */ = {isa = PBXBuildFile; fileRef = 44935C0414F052EC00346874 /* jyutping.schema.yaml */; };
		44935C1914F0531D00346874 /* wubi86.dict.yaml in Copy Shared Support Files */ = {isa = PBXBuildFile; fileRef = 44935C0514F052EC00346874 /* wubi86.dict.yaml */; };
		44935C1A14F0531D00346874 /* wubi86.schema.yaml in Copy Shared Support Files */ = {isa = PBXBuildFile; fileRef = 44935C0614F052EC00346874 /* wubi86.schema.yaml */; };
		44935C1C14F0531D00346874 /* wugniu.schema.yaml in Copy Shared Support Files */ = {isa = PBXBuildFile; fileRef = 44935C0814F052EC00346874 /* wugniu.schema.yaml */; };
		44935C1D14F0531D00346874 /* wugniu_lopha.dict.yaml in Copy Shared Support Files */ = {isa = PBXBuildFile; fileRef = 44935C0914F052EC00346874 /* wugniu_lopha.dict.yaml */; };
		44935C1E14F0531D00346874 /* wugniu_lopha.schema.yaml in Copy Shared Support Files */ = {isa = PBXBuildFile; fileRef = 44935C0A14F052EC00346874 /* wugniu_lopha.schema.yaml */; };
		44943BB815066A540005EE85 /* postflight in Resources */ = {isa = PBXBuildFile; fileRef = 44943BB715066A540005EE85 /* postflight */; };
		44ABBE7014DD5A2100B8A82D /* default.yaml in Copy Shared Support Files */ = {isa = PBXBuildFile; fileRef = 44ABBE6314DD59EA00B8A82D /* default.yaml */; };
		44ABBE7114DD5A2700B8A82D /* essay.kct in Copy Shared Support Files */ = {isa = PBXBuildFile; fileRef = 44DA7A2714DD596700C1ED3B /* essay.kct */; };
		44ABBE7214DD5A4000B8A82D /* cangjie5.dict.yaml in Copy Shared Support Files */ = {isa = PBXBuildFile; fileRef = 44DA7A2914DD596700C1ED3B /* cangjie5.dict.yaml */; };
		44ABBE7314DD5A4000B8A82D /* cangjie5.schema.yaml in Copy Shared Support Files */ = {isa = PBXBuildFile; fileRef = 44DA7A2A14DD596700C1ED3B /* cangjie5.schema.yaml */; };
		44ABBE7514DD5A4000B8A82D /* luna_pinyin.dict.yaml in Copy Shared Support Files */ = {isa = PBXBuildFile; fileRef = 44DA7A2C14DD596700C1ED3B /* luna_pinyin.dict.yaml */; };
		44ABBE7614DD5A4000B8A82D /* luna_pinyin.schema.yaml in Copy Shared Support Files */ = {isa = PBXBuildFile; fileRef = 44DA7A2D14DD596700C1ED3B /* luna_pinyin.schema.yaml */; };
		44ABBE7714DD5A4000B8A82D /* luna_pinyin_fluency.schema.yaml in Copy Shared Support Files */ = {isa = PBXBuildFile; fileRef = 44DA7A2E14DD596700C1ED3B /* luna_pinyin_fluency.schema.yaml */; };
		44ABBE7814DD5A4000B8A82D /* luna_pinyin_simp.schema.yaml in Copy Shared Support Files */ = {isa = PBXBuildFile; fileRef = 44DA7A2F14DD596700C1ED3B /* luna_pinyin_simp.schema.yaml */; };
		44ABBE7914DD5A4000B8A82D /* luna_pinyin_tw.schema.yaml in Copy Shared Support Files */ = {isa = PBXBuildFile; fileRef = 44DA7A3014DD596700C1ED3B /* luna_pinyin_tw.schema.yaml */; };
		44AC951A1430CF6000C888FB /* SquirrelApplicationDelegate.m in Sources */ = {isa = PBXBuildFile; fileRef = 44AC95171430CF6000C888FB /* SquirrelApplicationDelegate.m */; };
		44AC951B1430CF6000C888FB /* SquirrelInputController.m in Sources */ = {isa = PBXBuildFile; fileRef = 44AC95191430CF6000C888FB /* SquirrelInputController.m */; };
		44AC951E1430CF7D00C888FB /* rime.icns in Resources */ = {isa = PBXBuildFile; fileRef = 44AC951D1430CF7D00C888FB /* rime.icns */; };
		44E98EC314AE1AC900847AD6 /* utf8.cpp in Sources */ = {isa = PBXBuildFile; fileRef = 44E98EC214AE1AC900847AD6 /* utf8.cpp */; };
		44F01493152AF6AF00EFDAC3 /* Sparkle.framework in Copy 3rd-party Frameworks */ = {isa = PBXBuildFile; fileRef = 44F01492152AF6AF00EFDAC3 /* Sparkle.framework */; };
		44F01538152B2D9300EFDAC3 /* Sparkle.framework in Frameworks */ = {isa = PBXBuildFile; fileRef = 44F01492152AF6AF00EFDAC3 /* Sparkle.framework */; };
		44F7707A152B312E005CF491 /* zhung.png in Resources */ = {isa = PBXBuildFile; fileRef = 44F77079152B312E005CF491 /* zhung.png */; };
		44F7708F152B3334005CF491 /* dsa_pub.pem in Resources */ = {isa = PBXBuildFile; fileRef = 44F7708E152B3334005CF491 /* dsa_pub.pem */; };
		44F771CD152B7BC7005CF491 /* double_pinyin_abc.schema.yaml in Copy Shared Support Files */ = {isa = PBXBuildFile; fileRef = 44F771C7152B7BC7005CF491 /* double_pinyin_abc.schema.yaml */; };
		44F771CE152B7BC7005CF491 /* double_pinyin_flypy.schema.yaml in Copy Shared Support Files */ = {isa = PBXBuildFile; fileRef = 44F771C8152B7BC7005CF491 /* double_pinyin_flypy.schema.yaml */; };
		44F771CF152B7BC7005CF491 /* double_pinyin_mspy.schema.yaml in Copy Shared Support Files */ = {isa = PBXBuildFile; fileRef = 44F771C9152B7BC7005CF491 /* double_pinyin_mspy.schema.yaml */; };
		44F771D0152B7BC7005CF491 /* quick5.dict.yaml in Copy Shared Support Files */ = {isa = PBXBuildFile; fileRef = 44F771CA152B7BC7005CF491 /* quick5.dict.yaml */; };
		44F771D1152B7BC7005CF491 /* quick5.schema.yaml in Copy Shared Support Files */ = {isa = PBXBuildFile; fileRef = 44F771CB152B7BC7005CF491 /* quick5.schema.yaml */; };
		44F84AD714E94C490005D70B /* SquirrelPanel.m in Sources */ = {isa = PBXBuildFile; fileRef = 44F84AD614E94C490005D70B /* SquirrelPanel.m */; };
		8D11072B0486CEB800E47090 /* InfoPlist.strings in Resources */ = {isa = PBXBuildFile; fileRef = 089C165CFE840E0CC02AAC07 /* InfoPlist.strings */; };
		8D11072D0486CEB800E47090 /* main.m in Sources */ = {isa = PBXBuildFile; fileRef = 29B97316FDCFA39411CA2CEA /* main.m */; settings = {ATTRIBUTES = (); }; };
		8D11072F0486CEB800E47090 /* Cocoa.framework in Frameworks */ = {isa = PBXBuildFile; fileRef = 1058C7A1FEA54F0111CA2CBB /* Cocoa.framework */; };
		A45578F51146A75200592C6E /* MainMenu.xib in Resources */ = {isa = PBXBuildFile; fileRef = A45578F41146A75200592C6E /* MainMenu.xib */; };
		A47C48DF105E8CE8006D528B /* macos_keycode.m in Sources */ = {isa = PBXBuildFile; fileRef = A47C48DE105E8CE8006D528B /* macos_keycode.m */; };
		A4B8E1B30F645B870094E08B /* Carbon.framework in Frameworks */ = {isa = PBXBuildFile; fileRef = A4B8E1B20F645B870094E08B /* Carbon.framework */; };
		A4FC48CB0F6530EF0069BE81 /* Localizable.strings in Resources */ = {isa = PBXBuildFile; fileRef = A4FC48C90F6530EF0069BE81 /* Localizable.strings */; };
		E93074B70A5C264700470842 /* InputMethodKit.framework in Frameworks */ = {isa = PBXBuildFile; fileRef = E93074B60A5C264700470842 /* InputMethodKit.framework */; };
/* End PBXBuildFile section */

/* Begin PBXCopyFilesBuildPhase section */
		4407F3CA14EC079A001329FE /* Copy opencc Files */ = {
			isa = PBXCopyFilesBuildPhase;
			buildActionMask = 2147483647;
			dstPath = opencc;
			dstSubfolderSpec = 12;
			files = (
				4407F3B014EC078F001329FE /* to_tw_variants.txt in Copy opencc Files */,
				4407F3B114EC078F001329FE /* trad_to_simp_characters.ocd in Copy opencc Files */,
				4407F3B214EC078F001329FE /* trad_to_simp_phrases.ocd in Copy opencc Files */,
				4407F3B314EC078F001329FE /* zht2zhs.ini in Copy opencc Files */,
				4407F3B414EC078F001329FE /* zht2zhtw_v.ini in Copy opencc Files */,
			);
			name = "Copy opencc Files";
			runOnlyForDeploymentPostprocessing = 0;
		};
		44DA7A1614DD581B00C1ED3B /* Copy Shared Support Files */ = {
			isa = PBXCopyFilesBuildPhase;
			buildActionMask = 2147483647;
			dstPath = "";
			dstSubfolderSpec = 12;
			files = (
				442B5B881570C37200370DEA /* squirrel.yaml in Copy Shared Support Files */,
				44ABBE7014DD5A2100B8A82D /* default.yaml in Copy Shared Support Files */,
				44ABBE7114DD5A2700B8A82D /* essay.kct in Copy Shared Support Files */,
				4426D360150290CF009100C7 /* bopomofo.schema.yaml in Copy Shared Support Files */,
				44ABBE7214DD5A4000B8A82D /* cangjie5.dict.yaml in Copy Shared Support Files */,
				44ABBE7314DD5A4000B8A82D /* cangjie5.schema.yaml in Copy Shared Support Files */,
				44935C1614F0531D00346874 /* double_pinyin.schema.yaml in Copy Shared Support Files */,
				44F771CD152B7BC7005CF491 /* double_pinyin_abc.schema.yaml in Copy Shared Support Files */,
				44F771CE152B7BC7005CF491 /* double_pinyin_flypy.schema.yaml in Copy Shared Support Files */,
				44F771CF152B7BC7005CF491 /* double_pinyin_mspy.schema.yaml in Copy Shared Support Files */,
				44ABBE7514DD5A4000B8A82D /* luna_pinyin.dict.yaml in Copy Shared Support Files */,
				44ABBE7614DD5A4000B8A82D /* luna_pinyin.schema.yaml in Copy Shared Support Files */,
				44ABBE7714DD5A4000B8A82D /* luna_pinyin_fluency.schema.yaml in Copy Shared Support Files */,
				44ABBE7814DD5A4000B8A82D /* luna_pinyin_simp.schema.yaml in Copy Shared Support Files */,
				44ABBE7914DD5A4000B8A82D /* luna_pinyin_tw.schema.yaml in Copy Shared Support Files */,
				4426D35E150290C3009100C7 /* terra_pinyin.dict.yaml in Copy Shared Support Files */,
				4426D35F150290C3009100C7 /* terra_pinyin.schema.yaml in Copy Shared Support Files */,
				44935C1714F0531D00346874 /* jyutping.dict.yaml in Copy Shared Support Files */,
				44935C1814F0531D00346874 /* jyutping.schema.yaml in Copy Shared Support Files */,
				44F771D0152B7BC7005CF491 /* quick5.dict.yaml in Copy Shared Support Files */,
				44F771D1152B7BC7005CF491 /* quick5.schema.yaml in Copy Shared Support Files */,
				44935C1914F0531D00346874 /* wubi86.dict.yaml in Copy Shared Support Files */,
				44935C1A14F0531D00346874 /* wubi86.schema.yaml in Copy Shared Support Files */,
				44935C1C14F0531D00346874 /* wugniu.schema.yaml in Copy Shared Support Files */,
				44935C1D14F0531D00346874 /* wugniu_lopha.dict.yaml in Copy Shared Support Files */,
				44935C1E14F0531D00346874 /* wugniu_lopha.schema.yaml in Copy Shared Support Files */,
				444B32CC153A76A000664038 /* pinyin_simp.dict.yaml in Copy Shared Support Files */,
				444B32CD153A76A000664038 /* pinyin_simp.schema.yaml in Copy Shared Support Files */,
				444B32CE153A76A000664038 /* stroke_simp.dict.yaml in Copy Shared Support Files */,
				444B32CF153A76A000664038 /* stroke_simp.schema.yaml in Copy Shared Support Files */,
			);
			name = "Copy Shared Support Files";
			runOnlyForDeploymentPostprocessing = 0;
		};
		A464E3780F65263000148227 /* Copy 3rd-party Frameworks */ = {
			isa = PBXCopyFilesBuildPhase;
			buildActionMask = 2147483647;
			dstPath = "";
			dstSubfolderSpec = 10;
			files = (
				44F01493152AF6AF00EFDAC3 /* Sparkle.framework in Copy 3rd-party Frameworks */,
			);
			name = "Copy 3rd-party Frameworks";
			runOnlyForDeploymentPostprocessing = 0;
		};
/* End PBXCopyFilesBuildPhase section */

/* Begin PBXFileReference section */
		089C165DFE840E0CC02AAC07 /* English */ = {isa = PBXFileReference; fileEncoding = 4; lastKnownFileType = text.plist.strings; name = English; path = English.lproj/InfoPlist.strings; sourceTree = "<group>"; };
		1058C7A1FEA54F0111CA2CBB /* Cocoa.framework */ = {isa = PBXFileReference; lastKnownFileType = wrapper.framework; name = Cocoa.framework; path = /System/Library/Frameworks/Cocoa.framework; sourceTree = "<absolute>"; };
		29B97316FDCFA39411CA2CEA /* main.m */ = {isa = PBXFileReference; fileEncoding = 4; lastKnownFileType = sourcecode.c.objc; path = main.m; sourceTree = "<group>"; };
		29B97324FDCFA39411CA2CEA /* AppKit.framework */ = {isa = PBXFileReference; lastKnownFileType = wrapper.framework; name = AppKit.framework; path = /System/Library/Frameworks/AppKit.framework; sourceTree = "<absolute>"; };
		29B97325FDCFA39411CA2CEA /* Foundation.framework */ = {isa = PBXFileReference; lastKnownFileType = wrapper.framework; name = Foundation.framework; path = /System/Library/Frameworks/Foundation.framework; sourceTree = "<absolute>"; };
		32CA4F630368D1EE00C91783 /* Squirrel_Prefix.pch */ = {isa = PBXFileReference; fileEncoding = 4; lastKnownFileType = sourcecode.c.h; path = Squirrel_Prefix.pch; sourceTree = "<group>"; };
		4407F39E14EC071E001329FE /* to_tw_variants.txt */ = {isa = PBXFileReference; fileEncoding = 4; lastKnownFileType = text; path = to_tw_variants.txt; sourceTree = "<group>"; };
		4407F39F14EC071E001329FE /* trad_to_simp_characters.ocd */ = {isa = PBXFileReference; lastKnownFileType = file; path = trad_to_simp_characters.ocd; sourceTree = "<group>"; };
		4407F3A014EC071E001329FE /* trad_to_simp_phrases.ocd */ = {isa = PBXFileReference; lastKnownFileType = file; path = trad_to_simp_phrases.ocd; sourceTree = "<group>"; };
		4407F3A114EC071E001329FE /* zht2zhs.ini */ = {isa = PBXFileReference; fileEncoding = 4; lastKnownFileType = text; path = zht2zhs.ini; sourceTree = "<group>"; };
		4407F3A214EC071E001329FE /* zht2zhtw_v.ini */ = {isa = PBXFileReference; fileEncoding = 4; lastKnownFileType = text; path = zht2zhtw_v.ini; sourceTree = "<group>"; };
		4426D34415028210009100C7 /* bopomofo.schema.yaml */ = {isa = PBXFileReference; fileEncoding = 4; lastKnownFileType = text; path = bopomofo.schema.yaml; sourceTree = "<group>"; };
		4426D34515028210009100C7 /* terra_pinyin.dict.yaml */ = {isa = PBXFileReference; fileEncoding = 4; lastKnownFileType = text; path = terra_pinyin.dict.yaml; sourceTree = "<group>"; };
		4426D34615028210009100C7 /* terra_pinyin.schema.yaml */ = {isa = PBXFileReference; fileEncoding = 4; lastKnownFileType = text; path = terra_pinyin.schema.yaml; sourceTree = "<group>"; };
		442B5B871570C37200370DEA /* squirrel.yaml */ = {isa = PBXFileReference; fileEncoding = 4; lastKnownFileType = text; name = squirrel.yaml; path = data/squirrel.yaml; sourceTree = "<group>"; };
		444B32C6153A76A000664038 /* pinyin_simp.dict.yaml */ = {isa = PBXFileReference; fileEncoding = 4; lastKnownFileType = text; path = pinyin_simp.dict.yaml; sourceTree = "<group>"; };
		444B32C7153A76A000664038 /* pinyin_simp.schema.yaml */ = {isa = PBXFileReference; fileEncoding = 4; lastKnownFileType = text; path = pinyin_simp.schema.yaml; sourceTree = "<group>"; };
		444B32C8153A76A000664038 /* stroke_simp.dict.yaml */ = {isa = PBXFileReference; fileEncoding = 4; lastKnownFileType = text; path = stroke_simp.dict.yaml; sourceTree = "<group>"; };
		444B32C9153A76A000664038 /* stroke_simp.schema.yaml */ = {isa = PBXFileReference; fileEncoding = 4; lastKnownFileType = text; path = stroke_simp.schema.yaml; sourceTree = "<group>"; };
		446D18E014F0191200EC3116 /* zh_CN */ = {isa = PBXFileReference; lastKnownFileType = text.plist.strings; name = zh_CN; path = zh_CN.lproj/InfoPlist.strings; sourceTree = "<group>"; };
		446D18E114F0193100EC3116 /* zh_TW */ = {isa = PBXFileReference; lastKnownFileType = text.plist.strings; name = zh_TW; path = zh_TW.lproj/InfoPlist.strings; sourceTree = "<group>"; };
		44935C0214F052EC00346874 /* double_pinyin.schema.yaml */ = {isa = PBXFileReference; fileEncoding = 4; lastKnownFileType = text; path = double_pinyin.schema.yaml; sourceTree = "<group>"; };
		44935C0314F052EC00346874 /* jyutping.dict.yaml */ = {isa = PBXFileReference; fileEncoding = 4; lastKnownFileType = text; path = jyutping.dict.yaml; sourceTree = "<group>"; };
		44935C0414F052EC00346874 /* jyutping.schema.yaml */ = {isa = PBXFileReference; fileEncoding = 4; lastKnownFileType = text; path = jyutping.schema.yaml; sourceTree = "<group>"; };
		44935C0514F052EC00346874 /* wubi86.dict.yaml */ = {isa = PBXFileReference; fileEncoding = 4; lastKnownFileType = text; path = wubi86.dict.yaml; sourceTree = "<group>"; };
		44935C0614F052EC00346874 /* wubi86.schema.yaml */ = {isa = PBXFileReference; fileEncoding = 4; lastKnownFileType = text; path = wubi86.schema.yaml; sourceTree = "<group>"; };
		44935C0814F052EC00346874 /* wugniu.schema.yaml */ = {isa = PBXFileReference; fileEncoding = 4; lastKnownFileType = text; path = wugniu.schema.yaml; sourceTree = "<group>"; };
		44935C0914F052EC00346874 /* wugniu_lopha.dict.yaml */ = {isa = PBXFileReference; fileEncoding = 4; lastKnownFileType = text; path = wugniu_lopha.dict.yaml; sourceTree = "<group>"; };
		44935C0A14F052EC00346874 /* wugniu_lopha.schema.yaml */ = {isa = PBXFileReference; fileEncoding = 4; lastKnownFileType = text; path = wugniu_lopha.schema.yaml; sourceTree = "<group>"; };
		44943BB715066A540005EE85 /* postflight */ = {isa = PBXFileReference; fileEncoding = 4; lastKnownFileType = text; path = postflight; sourceTree = "<group>"; };
		44ABBE6314DD59EA00B8A82D /* default.yaml */ = {isa = PBXFileReference; fileEncoding = 4; lastKnownFileType = text; name = default.yaml; path = ../brise/default.yaml; sourceTree = SOURCE_ROOT; };
		44AC95161430CF6000C888FB /* SquirrelApplicationDelegate.h */ = {isa = PBXFileReference; fileEncoding = 4; lastKnownFileType = sourcecode.c.h; path = SquirrelApplicationDelegate.h; sourceTree = "<group>"; };
		44AC95171430CF6000C888FB /* SquirrelApplicationDelegate.m */ = {isa = PBXFileReference; fileEncoding = 4; lastKnownFileType = sourcecode.c.objc; path = SquirrelApplicationDelegate.m; sourceTree = "<group>"; };
		44AC95181430CF6000C888FB /* SquirrelInputController.h */ = {isa = PBXFileReference; fileEncoding = 4; lastKnownFileType = sourcecode.c.h; path = SquirrelInputController.h; sourceTree = "<group>"; };
		44AC95191430CF6000C888FB /* SquirrelInputController.m */ = {isa = PBXFileReference; fileEncoding = 4; lastKnownFileType = sourcecode.c.objc; path = SquirrelInputController.m; sourceTree = "<group>"; };
		44AC951D1430CF7D00C888FB /* rime.icns */ = {isa = PBXFileReference; lastKnownFileType = image.icns; path = rime.icns; sourceTree = "<group>"; };
		44DA191A152B8CB600FB8EF0 /* zh_CN */ = {isa = PBXFileReference; lastKnownFileType = file.xib; name = zh_CN; path = zh_CN.lproj/MainMenu.xib; sourceTree = "<group>"; };
		44DA191B152B8CBC00FB8EF0 /* zh_TW */ = {isa = PBXFileReference; lastKnownFileType = file.xib; name = zh_TW; path = zh_TW.lproj/MainMenu.xib; sourceTree = "<group>"; };
		44DA7A2714DD596700C1ED3B /* essay.kct */ = {isa = PBXFileReference; lastKnownFileType = file; name = essay.kct; path = ../brise/essay.kct; sourceTree = SOURCE_ROOT; };
		44DA7A2914DD596700C1ED3B /* cangjie5.dict.yaml */ = {isa = PBXFileReference; fileEncoding = 4; lastKnownFileType = text; path = cangjie5.dict.yaml; sourceTree = "<group>"; };
		44DA7A2A14DD596700C1ED3B /* cangjie5.schema.yaml */ = {isa = PBXFileReference; fileEncoding = 4; lastKnownFileType = text; path = cangjie5.schema.yaml; sourceTree = "<group>"; };
		44DA7A2C14DD596700C1ED3B /* luna_pinyin.dict.yaml */ = {isa = PBXFileReference; fileEncoding = 4; lastKnownFileType = text; path = luna_pinyin.dict.yaml; sourceTree = "<group>"; };
		44DA7A2D14DD596700C1ED3B /* luna_pinyin.schema.yaml */ = {isa = PBXFileReference; fileEncoding = 4; lastKnownFileType = text; path = luna_pinyin.schema.yaml; sourceTree = "<group>"; };
		44DA7A2E14DD596700C1ED3B /* luna_pinyin_fluency.schema.yaml */ = {isa = PBXFileReference; fileEncoding = 4; lastKnownFileType = text; path = luna_pinyin_fluency.schema.yaml; sourceTree = "<group>"; };
		44DA7A2F14DD596700C1ED3B /* luna_pinyin_simp.schema.yaml */ = {isa = PBXFileReference; fileEncoding = 4; lastKnownFileType = text; path = luna_pinyin_simp.schema.yaml; sourceTree = "<group>"; };
		44DA7A3014DD596700C1ED3B /* luna_pinyin_tw.schema.yaml */ = {isa = PBXFileReference; fileEncoding = 4; lastKnownFileType = text; path = luna_pinyin_tw.schema.yaml; sourceTree = "<group>"; };
		44E98EA514AE16DD00847AD6 /* checked.h */ = {isa = PBXFileReference; fileEncoding = 4; lastKnownFileType = sourcecode.c.h; path = checked.h; sourceTree = "<group>"; };
		44E98EA614AE16DD00847AD6 /* core.h */ = {isa = PBXFileReference; fileEncoding = 4; lastKnownFileType = sourcecode.c.h; path = core.h; sourceTree = "<group>"; };
		44E98EA714AE16DD00847AD6 /* unchecked.h */ = {isa = PBXFileReference; fileEncoding = 4; lastKnownFileType = sourcecode.c.h; path = unchecked.h; sourceTree = "<group>"; };
		44E98EC114AE1AC900847AD6 /* utf8.h */ = {isa = PBXFileReference; fileEncoding = 4; lastKnownFileType = sourcecode.c.h; path = utf8.h; sourceTree = "<group>"; };
		44E98EC214AE1AC900847AD6 /* utf8.cpp */ = {isa = PBXFileReference; fileEncoding = 4; lastKnownFileType = sourcecode.cpp.cpp; path = utf8.cpp; sourceTree = "<group>"; };
		44F01492152AF6AF00EFDAC3 /* Sparkle.framework */ = {isa = PBXFileReference; lastKnownFileType = wrapper.framework; path = Sparkle.framework; sourceTree = "<group>"; };
		44F1EB381431F8270015FD04 /* Squirrel.app */ = {isa = PBXFileReference; explicitFileType = wrapper.application; includeInIndex = 0; path = Squirrel.app; sourceTree = BUILT_PRODUCTS_DIR; };
		44F77079152B312E005CF491 /* zhung.png */ = {isa = PBXFileReference; lastKnownFileType = image.png; path = zhung.png; sourceTree = "<group>"; };
		44F7708E152B3334005CF491 /* dsa_pub.pem */ = {isa = PBXFileReference; fileEncoding = 4; lastKnownFileType = text; path = dsa_pub.pem; sourceTree = "<group>"; };
		44F771C7152B7BC7005CF491 /* double_pinyin_abc.schema.yaml */ = {isa = PBXFileReference; fileEncoding = 4; lastKnownFileType = text; path = double_pinyin_abc.schema.yaml; sourceTree = "<group>"; };
		44F771C8152B7BC7005CF491 /* double_pinyin_flypy.schema.yaml */ = {isa = PBXFileReference; fileEncoding = 4; lastKnownFileType = text; path = double_pinyin_flypy.schema.yaml; sourceTree = "<group>"; };
		44F771C9152B7BC7005CF491 /* double_pinyin_mspy.schema.yaml */ = {isa = PBXFileReference; fileEncoding = 4; lastKnownFileType = text; path = double_pinyin_mspy.schema.yaml; sourceTree = "<group>"; };
		44F771CA152B7BC7005CF491 /* quick5.dict.yaml */ = {isa = PBXFileReference; fileEncoding = 4; lastKnownFileType = text; path = quick5.dict.yaml; sourceTree = "<group>"; };
		44F771CB152B7BC7005CF491 /* quick5.schema.yaml */ = {isa = PBXFileReference; fileEncoding = 4; lastKnownFileType = text; path = quick5.schema.yaml; sourceTree = "<group>"; };
		44F84AD514E94C490005D70B /* SquirrelPanel.h */ = {isa = PBXFileReference; fileEncoding = 4; lastKnownFileType = sourcecode.c.h; path = SquirrelPanel.h; sourceTree = "<group>"; };
		44F84AD614E94C490005D70B /* SquirrelPanel.m */ = {isa = PBXFileReference; fileEncoding = 4; lastKnownFileType = sourcecode.c.objc; path = SquirrelPanel.m; sourceTree = "<group>"; };
		8D1107310486CEB800E47090 /* Info.plist */ = {isa = PBXFileReference; fileEncoding = 4; lastKnownFileType = text.plist; path = Info.plist; sourceTree = "<group>"; };
		A44571AB0DBF42C200F793F9 /* macos_keycode.h */ = {isa = PBXFileReference; fileEncoding = 4; lastKnownFileType = sourcecode.c.h; path = macos_keycode.h; sourceTree = "<group>"; };
		A47C48DE105E8CE8006D528B /* macos_keycode.m */ = {isa = PBXFileReference; fileEncoding = 4; lastKnownFileType = sourcecode.c.objc; path = macos_keycode.m; sourceTree = "<group>"; };
		A485E5BB0DD28B8D00E472E5 /* English */ = {isa = PBXFileReference; lastKnownFileType = file.xib; name = English; path = English.lproj/MainMenu.xib; sourceTree = "<group>"; };
		A4B8E1B20F645B870094E08B /* Carbon.framework */ = {isa = PBXFileReference; lastKnownFileType = wrapper.framework; name = Carbon.framework; path = /System/Library/Frameworks/Carbon.framework; sourceTree = "<absolute>"; };
		A4FC48CA0F6530EF0069BE81 /* English */ = {isa = PBXFileReference; fileEncoding = 4; lastKnownFileType = text.plist.strings; name = English; path = English.lproj/Localizable.strings; sourceTree = "<group>"; };
		E93074B60A5C264700470842 /* InputMethodKit.framework */ = {isa = PBXFileReference; lastKnownFileType = wrapper.framework; name = InputMethodKit.framework; path = /System/Library/Frameworks/InputMethodKit.framework; sourceTree = "<absolute>"; };
/* End PBXFileReference section */

/* Begin PBXFrameworksBuildPhase section */
		8D11072E0486CEB800E47090 /* Frameworks */ = {
			isa = PBXFrameworksBuildPhase;
			buildActionMask = 2147483647;
			files = (
				8D11072F0486CEB800E47090 /* Cocoa.framework in Frameworks */,
				E93074B70A5C264700470842 /* InputMethodKit.framework in Frameworks */,
				A4B8E1B30F645B870094E08B /* Carbon.framework in Frameworks */,
				44F01538152B2D9300EFDAC3 /* Sparkle.framework in Frameworks */,
			);
			runOnlyForDeploymentPostprocessing = 0;
		};
/* End PBXFrameworksBuildPhase section */

/* Begin PBXGroup section */
		080E96DDFE201D6D7F000001 /* Sources */ = {
			isa = PBXGroup;
			children = (
				44E98EA414AE16DD00847AD6 /* utf8 */,
				44AC95161430CF6000C888FB /* SquirrelApplicationDelegate.h */,
				44AC95171430CF6000C888FB /* SquirrelApplicationDelegate.m */,
				44AC95181430CF6000C888FB /* SquirrelInputController.h */,
				44AC95191430CF6000C888FB /* SquirrelInputController.m */,
				A47C48DE105E8CE8006D528B /* macos_keycode.m */,
				A44571AB0DBF42C200F793F9 /* macos_keycode.h */,
				32CA4F630368D1EE00C91783 /* Squirrel_Prefix.pch */,
				29B97316FDCFA39411CA2CEA /* main.m */,
				44E98EC114AE1AC900847AD6 /* utf8.h */,
				44E98EC214AE1AC900847AD6 /* utf8.cpp */,
				44F84AD514E94C490005D70B /* SquirrelPanel.h */,
				44F84AD614E94C490005D70B /* SquirrelPanel.m */,
			);
			name = Sources;
			sourceTree = "<group>";
		};
		1058C7A0FEA54F0111CA2CBB /* Linked Frameworks */ = {
			isa = PBXGroup;
			children = (
				1058C7A1FEA54F0111CA2CBB /* Cocoa.framework */,
				44F01492152AF6AF00EFDAC3 /* Sparkle.framework */,
			);
			name = "Linked Frameworks";
			sourceTree = "<group>";
		};
		1058C7A2FEA54F0111CA2CBB /* Other Frameworks */ = {
			isa = PBXGroup;
			children = (
				A4B8E1B20F645B870094E08B /* Carbon.framework */,
				E93074B60A5C264700470842 /* InputMethodKit.framework */,
				29B97324FDCFA39411CA2CEA /* AppKit.framework */,
				29B97325FDCFA39411CA2CEA /* Foundation.framework */,
			);
			name = "Other Frameworks";
			sourceTree = "<group>";
		};
		19C28FACFE9D520D11CA2CBB /* Products */ = {
			isa = PBXGroup;
			children = (
				44F1EB381431F8270015FD04 /* Squirrel.app */,
			);
			name = Products;
			sourceTree = "<group>";
		};
		29B97314FDCFA39411CA2CEA /* Squirrel */ = {
			isa = PBXGroup;
			children = (
				44DA7A4214DD598900C1ED3B /* SharedSupport */,
				080E96DDFE201D6D7F000001 /* Sources */,
				29B97317FDCFA39411CA2CEA /* Resources */,
				29B97323FDCFA39411CA2CEA /* Frameworks */,
				19C28FACFE9D520D11CA2CBB /* Products */,
			);
			name = Squirrel;
			sourceTree = "<group>";
		};
		29B97317FDCFA39411CA2CEA /* Resources */ = {
			isa = PBXGroup;
			children = (
				44F7708E152B3334005CF491 /* dsa_pub.pem */,
				44943BB715066A540005EE85 /* postflight */,
				44AC951D1430CF7D00C888FB /* rime.icns */,
				44F77079152B312E005CF491 /* zhung.png */,
				A4FC48C90F6530EF0069BE81 /* Localizable.strings */,
				8D1107310486CEB800E47090 /* Info.plist */,
				089C165CFE840E0CC02AAC07 /* InfoPlist.strings */,
				A45578F41146A75200592C6E /* MainMenu.xib */,
			);
			name = Resources;
			sourceTree = "<group>";
		};
		29B97323FDCFA39411CA2CEA /* Frameworks */ = {
			isa = PBXGroup;
			children = (
				1058C7A0FEA54F0111CA2CBB /* Linked Frameworks */,
				1058C7A2FEA54F0111CA2CBB /* Other Frameworks */,
			);
			name = Frameworks;
			sourceTree = "<group>";
		};
		4407F39D14EC071E001329FE /* opencc */ = {
			isa = PBXGroup;
			children = (
				4407F39E14EC071E001329FE /* to_tw_variants.txt */,
				4407F39F14EC071E001329FE /* trad_to_simp_characters.ocd */,
				4407F3A014EC071E001329FE /* trad_to_simp_phrases.ocd */,
				4407F3A114EC071E001329FE /* zht2zhs.ini */,
				4407F3A214EC071E001329FE /* zht2zhtw_v.ini */,
			);
			name = opencc;
			path = data/opencc;
			sourceTree = "<group>";
		};
		44935C0114F052EC00346874 /* supplement */ = {
			isa = PBXGroup;
			children = (
				44F771C7152B7BC7005CF491 /* double_pinyin_abc.schema.yaml */,
				44F771C8152B7BC7005CF491 /* double_pinyin_flypy.schema.yaml */,
				44F771C9152B7BC7005CF491 /* double_pinyin_mspy.schema.yaml */,
				44935C0214F052EC00346874 /* double_pinyin.schema.yaml */,
				44935C0314F052EC00346874 /* jyutping.dict.yaml */,
				44935C0414F052EC00346874 /* jyutping.schema.yaml */,
				44F771CA152B7BC7005CF491 /* quick5.dict.yaml */,
				44F771CB152B7BC7005CF491 /* quick5.schema.yaml */,
				44935C0514F052EC00346874 /* wubi86.dict.yaml */,
				44935C0614F052EC00346874 /* wubi86.schema.yaml */,
				44935C0814F052EC00346874 /* wugniu.schema.yaml */,
				44935C0914F052EC00346874 /* wugniu_lopha.dict.yaml */,
				44935C0A14F052EC00346874 /* wugniu_lopha.schema.yaml */,
				444B32C6153A76A000664038 /* pinyin_simp.dict.yaml */,
				444B32C7153A76A000664038 /* pinyin_simp.schema.yaml */,
				444B32C8153A76A000664038 /* stroke_simp.dict.yaml */,
				444B32C9153A76A000664038 /* stroke_simp.schema.yaml */,
			);
			name = supplement;
			path = ../brise/supplement;
			sourceTree = SOURCE_ROOT;
		};
		44DA7A2814DD596700C1ED3B /* preset */ = {
			isa = PBXGroup;
			children = (
				4426D34415028210009100C7 /* bopomofo.schema.yaml */,
				44DA7A2914DD596700C1ED3B /* cangjie5.dict.yaml */,
				44DA7A2A14DD596700C1ED3B /* cangjie5.schema.yaml */,
				44DA7A2C14DD596700C1ED3B /* luna_pinyin.dict.yaml */,
				44DA7A2D14DD596700C1ED3B /* luna_pinyin.schema.yaml */,
				44DA7A2E14DD596700C1ED3B /* luna_pinyin_fluency.schema.yaml */,
				44DA7A2F14DD596700C1ED3B /* luna_pinyin_simp.schema.yaml */,
				44DA7A3014DD596700C1ED3B /* luna_pinyin_tw.schema.yaml */,
				4426D34515028210009100C7 /* terra_pinyin.dict.yaml */,
				4426D34615028210009100C7 /* terra_pinyin.schema.yaml */,
			);
			name = preset;
			path = ../brise/preset;
			sourceTree = SOURCE_ROOT;
		};
		44DA7A4214DD598900C1ED3B /* SharedSupport */ = {
			isa = PBXGroup;
			children = (
				442B5B871570C37200370DEA /* squirrel.yaml */,
				4407F39D14EC071E001329FE /* opencc */,
				44ABBE6314DD59EA00B8A82D /* default.yaml */,
				44DA7A2714DD596700C1ED3B /* essay.kct */,
				44DA7A2814DD596700C1ED3B /* preset */,
				44935C0114F052EC00346874 /* supplement */,
			);
			name = SharedSupport;
			sourceTree = "<group>";
		};
		44E98EA414AE16DD00847AD6 /* utf8 */ = {
			isa = PBXGroup;
			children = (
				44E98EA514AE16DD00847AD6 /* checked.h */,
				44E98EA614AE16DD00847AD6 /* core.h */,
				44E98EA714AE16DD00847AD6 /* unchecked.h */,
			);
			path = utf8;
			sourceTree = "<group>";
		};
/* End PBXGroup section */

/* Begin PBXNativeTarget section */
		8D1107260486CEB800E47090 /* Squirrel */ = {
			isa = PBXNativeTarget;
			buildConfigurationList = C01FCF4A08A954540054247B /* Build configuration list for PBXNativeTarget "Squirrel" */;
			buildPhases = (
				8D1107290486CEB800E47090 /* Resources */,
				8D11072C0486CEB800E47090 /* Sources */,
				8D11072E0486CEB800E47090 /* Frameworks */,
				A464E3780F65263000148227 /* Copy 3rd-party Frameworks */,
				44DA7A1614DD581B00C1ED3B /* Copy Shared Support Files */,
				4407F3CA14EC079A001329FE /* Copy opencc Files */,
			);
			buildRules = (
			);
			dependencies = (
			);
			name = Squirrel;
			productInstallPath = "$(HOME)/Applications";
			productName = Squirrel;
			productReference = 44F1EB381431F8270015FD04 /* Squirrel.app */;
			productType = "com.apple.product-type.application";
		};
/* End PBXNativeTarget section */

/* Begin PBXProject section */
		29B97313FDCFA39411CA2CEA /* Project object */ = {
			isa = PBXProject;
			buildConfigurationList = C01FCF4E08A954540054247B /* Build configuration list for PBXProject "Squirrel" */;
			compatibilityVersion = "Xcode 2.4";
			developmentRegion = English;
			hasScannedForEncodings = 1;
			knownRegions = (
				English,
				Japanese,
				French,
				German,
				zh_CN,
				zh_TW,
			);
			mainGroup = 29B97314FDCFA39411CA2CEA /* Squirrel */;
			projectDirPath = "";
			projectRoot = "";
			targets = (
				8D1107260486CEB800E47090 /* Squirrel */,
			);
		};
/* End PBXProject section */

/* Begin PBXResourcesBuildPhase section */
		8D1107290486CEB800E47090 /* Resources */ = {
			isa = PBXResourcesBuildPhase;
			buildActionMask = 2147483647;
			files = (
				8D11072B0486CEB800E47090 /* InfoPlist.strings in Resources */,
				A45578F51146A75200592C6E /* MainMenu.xib in Resources */,
				A4FC48CB0F6530EF0069BE81 /* Localizable.strings in Resources */,
				44AC951E1430CF7D00C888FB /* rime.icns in Resources */,
				44943BB815066A540005EE85 /* postflight in Resources */,
				44F7707A152B312E005CF491 /* zhung.png in Resources */,
				44F7708F152B3334005CF491 /* dsa_pub.pem in Resources */,
			);
			runOnlyForDeploymentPostprocessing = 0;
		};
/* End PBXResourcesBuildPhase section */

/* Begin PBXSourcesBuildPhase section */
		8D11072C0486CEB800E47090 /* Sources */ = {
			isa = PBXSourcesBuildPhase;
			buildActionMask = 2147483647;
			files = (
				8D11072D0486CEB800E47090 /* main.m in Sources */,
				A47C48DF105E8CE8006D528B /* macos_keycode.m in Sources */,
				44AC951A1430CF6000C888FB /* SquirrelApplicationDelegate.m in Sources */,
				44AC951B1430CF6000C888FB /* SquirrelInputController.m in Sources */,
				44E98EC314AE1AC900847AD6 /* utf8.cpp in Sources */,
				44F84AD714E94C490005D70B /* SquirrelPanel.m in Sources */,
			);
			runOnlyForDeploymentPostprocessing = 0;
		};
/* End PBXSourcesBuildPhase section */

/* Begin PBXVariantGroup section */
		089C165CFE840E0CC02AAC07 /* InfoPlist.strings */ = {
			isa = PBXVariantGroup;
			children = (
				089C165DFE840E0CC02AAC07 /* English */,
				446D18E014F0191200EC3116 /* zh_CN */,
				446D18E114F0193100EC3116 /* zh_TW */,
			);
			name = InfoPlist.strings;
			sourceTree = "<group>";
		};
		A45578F41146A75200592C6E /* MainMenu.xib */ = {
			isa = PBXVariantGroup;
			children = (
				A485E5BB0DD28B8D00E472E5 /* English */,
				44DA191A152B8CB600FB8EF0 /* zh_CN */,
				44DA191B152B8CBC00FB8EF0 /* zh_TW */,
			);
			name = MainMenu.xib;
			sourceTree = "<group>";
		};
		A4FC48C90F6530EF0069BE81 /* Localizable.strings */ = {
			isa = PBXVariantGroup;
			children = (
				A4FC48CA0F6530EF0069BE81 /* English */,
			);
			name = Localizable.strings;
			sourceTree = "<group>";
		};
/* End PBXVariantGroup section */

/* Begin XCBuildConfiguration section */
		C01FCF4B08A954540054247B /* Debug */ = {
			isa = XCBuildConfiguration;
			buildSettings = {
				COPY_PHASE_STRIP = NO;
				FRAMEWORK_SEARCH_PATHS = (
					"$(inherited)",
					"$(FRAMEWORK_SEARCH_PATHS_QUOTED_FOR_TARGET_1)",
					"$(FRAMEWORK_SEARCH_PATHS_QUOTED_FOR_TARGET_2)",
				);
				FRAMEWORK_SEARCH_PATHS_QUOTED_FOR_TARGET_1 = "\"$(SRCROOT)\"";
				FRAMEWORK_SEARCH_PATHS_QUOTED_FOR_TARGET_2 = "\"$(SRCROOT)\"";
				GCC_DYNAMIC_NO_PIC = NO;
				GCC_ENABLE_FIX_AND_CONTINUE = YES;
				GCC_MODEL_TUNING = G5;
				GCC_OPTIMIZATION_LEVEL = 0;
				INFOPLIST_FILE = Info.plist;
				INSTALL_PATH = "\"/Library/Input Methods\"";
				LIBRARY_SEARCH_PATHS = (
					"$(inherited)",
					"$(LIBRARY_SEARCH_PATHS_QUOTED_FOR_TARGET_1)",
				);
				OTHER_CPLUSPLUSFLAGS = (
					"-DLEOPARD",
					"-DHAVE_CONFIG_H",
					"$(OTHER_CPLUSPLUSFLAGS_QUOTED_FOR_TARGET_1)",
					"$(OTHER_CPLUSPLUSFLAGS_QUOTED_FOR_TARGET_2)",
				);
				OTHER_LDFLAGS = (
					"-lrime",
					"-lopencc",
					"-lkyotocabinet",
					"-lyaml-cpp",
					"-lboost_filesystem-mt",
					"-lboost_regex-mt",
					"-lboost_signals-mt",
					"-lboost_system-mt",
					"-lboost_thread-mt",
					"-lz",
					"-lstdc++",
				);
				PRODUCT_NAME = Squirrel;
				SDKROOT = "$(DEVELOPER_SDK_DIR)/MacOSX10.6.sdk";
				WRAPPER_EXTENSION = app;
			};
			name = Debug;
		};
		C01FCF4C08A954540054247B /* Release */ = {
			isa = XCBuildConfiguration;
			buildSettings = {
				ARCHS = "$(ARCHS_STANDARD_32_64_BIT_PRE_XCODE_3_1)";
				ARCHS_STANDARD_32_64_BIT_PRE_XCODE_3_1 = "x86_64 i386 ppc";
				FRAMEWORK_SEARCH_PATHS = (
					"$(inherited)",
					"$(FRAMEWORK_SEARCH_PATHS_QUOTED_FOR_TARGET_1)",
					"$(FRAMEWORK_SEARCH_PATHS_QUOTED_FOR_TARGET_2)",
				);
				FRAMEWORK_SEARCH_PATHS_QUOTED_FOR_TARGET_1 = "\"$(SRCROOT)\"";
				FRAMEWORK_SEARCH_PATHS_QUOTED_FOR_TARGET_2 = "\"$(SRCROOT)\"";
				GCC_GENERATE_DEBUGGING_SYMBOLS = NO;
				GCC_MODEL_TUNING = G5;
				INFOPLIST_FILE = Info.plist;
				INSTALL_PATH = "\"/Library/Input Methods\"";
				LIBRARY_SEARCH_PATHS = (
					"$(inherited)",
					"$(LIBRARY_SEARCH_PATHS_QUOTED_FOR_TARGET_1)",
				);
				OTHER_CPLUSPLUSFLAGS = (
					"-DLEOPARD",
					"-DHAVE_CONFIG_H",
					"$(OTHER_CPLUSPLUSFLAGS_QUOTED_FOR_TARGET_1)",
					"$(OTHER_CPLUSPLUSFLAGS_QUOTED_FOR_TARGET_2)",
				);
				OTHER_LDFLAGS = (
					"-lrime",
					"-lopencc",
					"-lkyotocabinet",
					"-lyaml-cpp",
					"-lboost_filesystem-mt",
					"-lboost_regex-mt",
					"-lboost_signals-mt",
					"-lboost_system-mt",
					"-lboost_thread-mt",
					"-lz",
					"-lstdc++",
				);
				PRODUCT_NAME = Squirrel;
				SDKROOT = "$(DEVELOPER_SDK_DIR)/MacOSX10.6.sdk";
				WRAPPER_EXTENSION = app;
			};
			name = Release;
		};
		C01FCF4F08A954540054247B /* Debug */ = {
			isa = XCBuildConfiguration;
			buildSettings = {
				ARCHS = "$(ONLY_ACTIVE_ARCH_PRE_XCODE_3_1)";
				GCC_WARN_ABOUT_RETURN_TYPE = YES;
				GCC_WARN_UNUSED_VARIABLE = YES;
				HEADER_SEARCH_PATHS = "\"$(SRCROOT)/../librime/include\"";
				LIBRARY_SEARCH_PATHS = (
					"$(SRCROOT)/lib",
					"$(SRCROOT)/../librime/xbuild/lib/$(CONFIGURATION)",
				);
				ONLY_ACTIVE_ARCH_PRE_XCODE_3_1 = "$(NATIVE_ARCH_ACTUAL)";
				PREBINDING = NO;
				SDKROOT = macosx;
			};
			name = Debug;
		};
		C01FCF5008A954540054247B /* Release */ = {
			isa = XCBuildConfiguration;
			buildSettings = {
				ARCHS = "$(ONLY_ACTIVE_ARCH_PRE_XCODE_3_1)";
				CONFIGURATION_BUILD_DIR = "$(BUILD_DIR)/Release";
				GCC_WARN_ABOUT_RETURN_TYPE = YES;
				GCC_WARN_UNUSED_VARIABLE = YES;
				HEADER_SEARCH_PATHS = "\"$(SRCROOT)/../librime/include\"";
				LIBRARY_SEARCH_PATHS = (
					"$(SRCROOT)/lib",
					"$(SRCROOT)/../librime/xbuild/lib/$(CONFIGURATION)",
				);
				ONLY_ACTIVE_ARCH_PRE_XCODE_3_1 = "$(NATIVE_ARCH_ACTUAL)";
				PREBINDING = NO;
				SDKROOT = macosx;
			};
			name = Release;
		};
/* End XCBuildConfiguration section */

/* Begin XCConfigurationList section */
		C01FCF4A08A954540054247B /* Build configuration list for PBXNativeTarget "Squirrel" */ = {
			isa = XCConfigurationList;
			buildConfigurations = (
				C01FCF4B08A954540054247B /* Debug */,
				C01FCF4C08A954540054247B /* Release */,
			);
			defaultConfigurationIsVisible = 0;
			defaultConfigurationName = Release;
		};
		C01FCF4E08A954540054247B /* Build configuration list for PBXProject "Squirrel" */ = {
			isa = XCConfigurationList;
			buildConfigurations = (
				C01FCF4F08A954540054247B /* Debug */,
				C01FCF5008A954540054247B /* Release */,
			);
			defaultConfigurationIsVisible = 0;
			defaultConfigurationName = Release;
		};
/* End XCConfigurationList section */
	};
	rootObject = 29B97313FDCFA39411CA2CEA /* Project object */;
}
