// !$*UTF8*$!
{
	archiveVersion = 1;
	classes = {
	};
	objectVersion = 50;
	objects = {

/* Begin PBXBuildFile section */
		7708732825C1777100C1549C /* macos_keycode.m in Sources */ = {isa = PBXBuildFile; fileRef = 7708731A25C1777000C1549C /* macos_keycode.m */; };
		7708732925C1777100C1549C /* SquirrelPanel.m in Sources */ = {isa = PBXBuildFile; fileRef = 7708731D25C1777100C1549C /* SquirrelPanel.m */; };
		7708732A25C1777100C1549C /* utf8.cpp in Sources */ = {isa = PBXBuildFile; fileRef = 7708731E25C1777100C1549C /* utf8.cpp */; };
		7708732B25C1777100C1549C /* input_source.m in Sources */ = {isa = PBXBuildFile; fileRef = 7708731F25C1777100C1549C /* input_source.m */; };
		7708732C25C1777100C1549C /* SquirrelApplicationDelegate.m in Sources */ = {isa = PBXBuildFile; fileRef = 7708732025C1777100C1549C /* SquirrelApplicationDelegate.m */; };
		7708732D25C1777100C1549C /* SquirrelConfig.m in Sources */ = {isa = PBXBuildFile; fileRef = 7708732125C1777100C1549C /* SquirrelConfig.m */; };
		7708732E25C1777100C1549C /* SquirrelInputController.m in Sources */ = {isa = PBXBuildFile; fileRef = 7708732425C1777100C1549C /* SquirrelInputController.m */; };
		7708732F25C1777100C1549C /* main.m in Sources */ = {isa = PBXBuildFile; fileRef = 7708732525C1777100C1549C /* main.m */; };
		7708737525C1827400C1549C /* Cocoa.framework in Frameworks */ = {isa = PBXBuildFile; fileRef = 7708737425C1827400C1549C /* Cocoa.framework */; };
		7708737725C1827C00C1549C /* InputMethodKit.framework in Frameworks */ = {isa = PBXBuildFile; fileRef = 7708737625C1827C00C1549C /* InputMethodKit.framework */; };
		7708737925C1828200C1549C /* Carbon.framework in Frameworks */ = {isa = PBXBuildFile; fileRef = 7708737825C1828200C1549C /* Carbon.framework */; };
		7708737E25C1832F00C1549C /* librime.1.dylib in Copy 3rd-party Frameworks */ = {isa = PBXBuildFile; fileRef = 7708737C25C1832800C1549C /* librime.1.dylib */; settings = {ATTRIBUTES = (CodeSignOnCopy, ); }; };
		7708742925C1870700C1549C /* dsa_pub.pem in Resources */ = {isa = PBXBuildFile; fileRef = 7708734825C17B5C00C1549C /* dsa_pub.pem */; };
		7708742A25C1870700C1549C /* InfoPlist.strings in Resources */ = {isa = PBXBuildFile; fileRef = 7708735125C17CD400C1549C /* InfoPlist.strings */; };
		7708742B25C1870800C1549C /* Localizable.strings in Resources */ = {isa = PBXBuildFile; fileRef = 7708735325C17CD400C1549C /* Localizable.strings */; };
		7708742C25C1870800C1549C /* MainMenu.xib in Resources */ = {isa = PBXBuildFile; fileRef = 7708734D25C17CA100C1549C /* MainMenu.xib */; };
		7708742D25C1870800C1549C /* rime.pdf in Resources */ = {isa = PBXBuildFile; fileRef = 7708734125C1780F00C1549C /* rime.pdf */; };
		7708742E25C1870800C1549C /* Assets.xcassets in Resources */ = {isa = PBXBuildFile; fileRef = 7708733525C177BA00C1549C /* Assets.xcassets */; };
		7708742F25C1870800C1549C /* LICENSE.txt in Resources */ = {isa = PBXBuildFile; fileRef = 7708734625C17B5C00C1549C /* LICENSE.txt */; };
		7708743025C1870800C1549C /* README.md in Resources */ = {isa = PBXBuildFile; fileRef = 7708734725C17B5C00C1549C /* README.md */; };
		7708743125C1872F00C1549C /* bopomofo_express.schema.yaml in Copy Shared Support Files */ = {isa = PBXBuildFile; fileRef = 770873CF25C1866000C1549C /* bopomofo_express.schema.yaml */; };
		7708743225C1872F00C1549C /* bopomofo_tw.schema.yaml in Copy Shared Support Files */ = {isa = PBXBuildFile; fileRef = 770873CA25C1866000C1549C /* bopomofo_tw.schema.yaml */; };
		7708743325C1872F00C1549C /* bopomofo.schema.yaml in Copy Shared Support Files */ = {isa = PBXBuildFile; fileRef = 770873D325C1866000C1549C /* bopomofo.schema.yaml */; };
		7708743425C1872F00C1549C /* cangjie5_express.schema.yaml in Copy Shared Support Files */ = {isa = PBXBuildFile; fileRef = 770873CE25C1866000C1549C /* cangjie5_express.schema.yaml */; };
		7708743525C1872F00C1549C /* cangjie5.dict.yaml in Copy Shared Support Files */ = {isa = PBXBuildFile; fileRef = 770873CD25C1866000C1549C /* cangjie5.dict.yaml */; };
		7708743625C1872F00C1549C /* cangjie5.schema.yaml in Copy Shared Support Files */ = {isa = PBXBuildFile; fileRef = 770873C625C1866000C1549C /* cangjie5.schema.yaml */; };
		7708743725C1872F00C1549C /* default.yaml in Copy Shared Support Files */ = {isa = PBXBuildFile; fileRef = 770873D025C1866000C1549C /* default.yaml */; };
		7708743825C1872F00C1549C /* essay.txt in Copy Shared Support Files */ = {isa = PBXBuildFile; fileRef = 770873CC25C1866000C1549C /* essay.txt */; };
		7708743925C1872F00C1549C /* key_bindings.yaml in Copy Shared Support Files */ = {isa = PBXBuildFile; fileRef = 770873D425C1866000C1549C /* key_bindings.yaml */; };
		7708743A25C1872F00C1549C /* luna_pinyin_fluency.schema.yaml in Copy Shared Support Files */ = {isa = PBXBuildFile; fileRef = 770873C325C1865F00C1549C /* luna_pinyin_fluency.schema.yaml */; };
		7708743B25C1872F00C1549C /* luna_pinyin_simp.schema.yaml in Copy Shared Support Files */ = {isa = PBXBuildFile; fileRef = 770873C225C1865F00C1549C /* luna_pinyin_simp.schema.yaml */; };
		7708743C25C1872F00C1549C /* luna_pinyin_tw.schema.yaml in Copy Shared Support Files */ = {isa = PBXBuildFile; fileRef = 770873C125C1865F00C1549C /* luna_pinyin_tw.schema.yaml */; };
		7708743D25C1872F00C1549C /* luna_pinyin.dict.yaml in Copy Shared Support Files */ = {isa = PBXBuildFile; fileRef = 770873C925C1866000C1549C /* luna_pinyin.dict.yaml */; };
		7708743E25C1872F00C1549C /* luna_pinyin.schema.yaml in Copy Shared Support Files */ = {isa = PBXBuildFile; fileRef = 770873C725C1866000C1549C /* luna_pinyin.schema.yaml */; };
		7708743F25C1872F00C1549C /* luna_quanpin.schema.yaml in Copy Shared Support Files */ = {isa = PBXBuildFile; fileRef = 770873C525C1866000C1549C /* luna_quanpin.schema.yaml */; };
		7708744025C1872F00C1549C /* pinyin.yaml in Copy Shared Support Files */ = {isa = PBXBuildFile; fileRef = 770873CB25C1866000C1549C /* pinyin.yaml */; };
		7708744125C1872F00C1549C /* punctuation.yaml in Copy Shared Support Files */ = {isa = PBXBuildFile; fileRef = 770873D225C1866000C1549C /* punctuation.yaml */; };
		7708744225C1872F00C1549C /* stroke.dict.yaml in Copy Shared Support Files */ = {isa = PBXBuildFile; fileRef = 770873C425C1865F00C1549C /* stroke.dict.yaml */; };
		7708744325C1872F00C1549C /* stroke.schema.yaml in Copy Shared Support Files */ = {isa = PBXBuildFile; fileRef = 770873D125C1866000C1549C /* stroke.schema.yaml */; };
		7708744425C1872F00C1549C /* symbols.yaml in Copy Shared Support Files */ = {isa = PBXBuildFile; fileRef = 770873D525C1866000C1549C /* symbols.yaml */; };
		7708744525C1872F00C1549C /* terra_pinyin.dict.yaml in Copy Shared Support Files */ = {isa = PBXBuildFile; fileRef = 770873D725C1866000C1549C /* terra_pinyin.dict.yaml */; };
		7708744625C1872F00C1549C /* terra_pinyin.schema.yaml in Copy Shared Support Files */ = {isa = PBXBuildFile; fileRef = 770873D625C1866000C1549C /* terra_pinyin.schema.yaml */; };
		7708744725C1872F00C1549C /* zhuyin.yaml in Copy Shared Support Files */ = {isa = PBXBuildFile; fileRef = 770873C825C1866000C1549C /* zhuyin.yaml */; };
		7708744825C1872F00C1549C /* squirrel.yaml in Copy Shared Support Files */ = {isa = PBXBuildFile; fileRef = 7708742725C1868000C1549C /* squirrel.yaml */; };
		7708744925C1873D00C1549C /* hk2s.json in Copy OpenCC Files */ = {isa = PBXBuildFile; fileRef = 7708740025C1867300C1549C /* hk2s.json */; };
		7708744A25C1873D00C1549C /* HKVariants.ocd2 in Copy OpenCC Files */ = {isa = PBXBuildFile; fileRef = 770873FB25C1867300C1549C /* HKVariants.ocd2 */; };
		7708744B25C1873D00C1549C /* HKVariantsRev.ocd2 in Copy OpenCC Files */ = {isa = PBXBuildFile; fileRef = 770873F425C1867300C1549C /* HKVariantsRev.ocd2 */; };
		7708744C25C1873D00C1549C /* HKVariantsRevPhrases.ocd2 in Copy OpenCC Files */ = {isa = PBXBuildFile; fileRef = 770873FF25C1867300C1549C /* HKVariantsRevPhrases.ocd2 */; };
		7708744D25C1873D00C1549C /* jp2t.json in Copy OpenCC Files */ = {isa = PBXBuildFile; fileRef = 7708740125C1867300C1549C /* jp2t.json */; };
		7708744E25C1873D00C1549C /* JPShinjitaiCharacters.ocd2 in Copy OpenCC Files */ = {isa = PBXBuildFile; fileRef = 770873F625C1867300C1549C /* JPShinjitaiCharacters.ocd2 */; };
		7708744F25C1873D00C1549C /* JPShinjitaiPhrases.ocd2 in Copy OpenCC Files */ = {isa = PBXBuildFile; fileRef = 7708740325C1867300C1549C /* JPShinjitaiPhrases.ocd2 */; };
		7708745025C1873D00C1549C /* JPVariants.ocd2 in Copy OpenCC Files */ = {isa = PBXBuildFile; fileRef = 770873F525C1867300C1549C /* JPVariants.ocd2 */; };
		7708745125C1873D00C1549C /* JPVariantsRev.ocd2 in Copy OpenCC Files */ = {isa = PBXBuildFile; fileRef = 770873F025C1867200C1549C /* JPVariantsRev.ocd2 */; };
		7708745225C1873D00C1549C /* s2hk.json in Copy OpenCC Files */ = {isa = PBXBuildFile; fileRef = 7708740825C1867300C1549C /* s2hk.json */; };
		7708745325C1873D00C1549C /* s2t.json in Copy OpenCC Files */ = {isa = PBXBuildFile; fileRef = 7708740225C1867300C1549C /* s2t.json */; };
		7708745425C1873D00C1549C /* s2tw.json in Copy OpenCC Files */ = {isa = PBXBuildFile; fileRef = 7708740725C1867300C1549C /* s2tw.json */; };
		7708745525C1873D00C1549C /* s2twp.json in Copy OpenCC Files */ = {isa = PBXBuildFile; fileRef = 7708740A25C1867300C1549C /* s2twp.json */; };
		7708745625C1873D00C1549C /* STCharacters.ocd2 in Copy OpenCC Files */ = {isa = PBXBuildFile; fileRef = 770873FD25C1867300C1549C /* STCharacters.ocd2 */; };
		7708745725C1873D00C1549C /* STPhrases.ocd2 in Copy OpenCC Files */ = {isa = PBXBuildFile; fileRef = 770873EF25C1867200C1549C /* STPhrases.ocd2 */; };
		7708745825C1873D00C1549C /* t2hk.json in Copy OpenCC Files */ = {isa = PBXBuildFile; fileRef = 770873F225C1867200C1549C /* t2hk.json */; };
		7708745925C1873D00C1549C /* t2jp.json in Copy OpenCC Files */ = {isa = PBXBuildFile; fileRef = 770873FC25C1867300C1549C /* t2jp.json */; };
		7708745A25C1873D00C1549C /* t2s.json in Copy OpenCC Files */ = {isa = PBXBuildFile; fileRef = 7708740425C1867300C1549C /* t2s.json */; };
		7708745B25C1873D00C1549C /* t2tw.json in Copy OpenCC Files */ = {isa = PBXBuildFile; fileRef = 770873F925C1867300C1549C /* t2tw.json */; };
		7708745C25C1873D00C1549C /* TSCharacters.ocd2 in Copy OpenCC Files */ = {isa = PBXBuildFile; fileRef = 770873F725C1867300C1549C /* TSCharacters.ocd2 */; };
		7708745D25C1873D00C1549C /* TSPhrases.ocd2 in Copy OpenCC Files */ = {isa = PBXBuildFile; fileRef = 770873FE25C1867300C1549C /* TSPhrases.ocd2 */; };
		7708745E25C1873D00C1549C /* tw2s.json in Copy OpenCC Files */ = {isa = PBXBuildFile; fileRef = 7708740525C1867300C1549C /* tw2s.json */; };
		7708745F25C1873D00C1549C /* tw2sp.json in Copy OpenCC Files */ = {isa = PBXBuildFile; fileRef = 7708740625C1867300C1549C /* tw2sp.json */; };
		7708746025C1873D00C1549C /* TWPhrases.ocd2 in Copy OpenCC Files */ = {isa = PBXBuildFile; fileRef = 770873F825C1867300C1549C /* TWPhrases.ocd2 */; };
		7708746125C1873D00C1549C /* TWPhrasesRev.ocd2 in Copy OpenCC Files */ = {isa = PBXBuildFile; fileRef = 770873FA25C1867300C1549C /* TWPhrasesRev.ocd2 */; };
		7708746225C1873D00C1549C /* TWVariants.ocd2 in Copy OpenCC Files */ = {isa = PBXBuildFile; fileRef = 770873F325C1867200C1549C /* TWVariants.ocd2 */; };
		7708746325C1873D00C1549C /* TWVariantsRev.ocd2 in Copy OpenCC Files */ = {isa = PBXBuildFile; fileRef = 7708740925C1867300C1549C /* TWVariantsRev.ocd2 */; };
		7708746425C1873D00C1549C /* TWVariantsRevPhrases.ocd2 in Copy OpenCC Files */ = {isa = PBXBuildFile; fileRef = 770873F125C1867200C1549C /* TWVariantsRevPhrases.ocd2 */; };
		7708746525C1874600C1549C /* rime_deployer in Copy Executable Files */ = {isa = PBXBuildFile; fileRef = 770873BD25C1860100C1549C /* rime_deployer */; settings = {ATTRIBUTES = (CodeSignOnCopy, ); }; };
		7708746625C1874600C1549C /* rime_dict_manager in Copy Executable Files */ = {isa = PBXBuildFile; fileRef = 770873BB25C1860100C1549C /* rime_dict_manager */; settings = {ATTRIBUTES = (CodeSignOnCopy, ); }; };
		7708746725C1874600C1549C /* rime-install in Copy Executable Files */ = {isa = PBXBuildFile; fileRef = 770873BC25C1860100C1549C /* rime-install */; settings = {ATTRIBUTES = (CodeSignOnCopy, ); }; };
		774A7D5A25C2B7F9007CE00E /* Sparkle.framework in Frameworks */ = {isa = PBXBuildFile; fileRef = 774A7D5825C2B761007CE00E /* Sparkle.framework */; };
		774A7D5C25C2B81B007CE00E /* Sparkle.framework in Copy 3rd-party Frameworks */ = {isa = PBXBuildFile; fileRef = 774A7D5825C2B761007CE00E /* Sparkle.framework */; settings = {ATTRIBUTES = (CodeSignOnCopy, RemoveHeadersOnCopy, ); }; };
/* End PBXBuildFile section */

/* Begin PBXCopyFilesBuildPhase section */
		7708736825C1822200C1549C /* Copy 3rd-party Frameworks */ = {
			isa = PBXCopyFilesBuildPhase;
			buildActionMask = 2147483647;
			dstPath = "";
			dstSubfolderSpec = 10;
			files = (
				774A7D5C25C2B81B007CE00E /* Sparkle.framework in Copy 3rd-party Frameworks */,
				7708737E25C1832F00C1549C /* librime.1.dylib in Copy 3rd-party Frameworks */,
			);
			name = "Copy 3rd-party Frameworks";
			runOnlyForDeploymentPostprocessing = 0;
		};
		7708737F25C1836000C1549C /* Copy Shared Support Files */ = {
			isa = PBXCopyFilesBuildPhase;
			buildActionMask = 2147483647;
			dstPath = "";
			dstSubfolderSpec = 12;
			files = (
				7708743125C1872F00C1549C /* bopomofo_express.schema.yaml in Copy Shared Support Files */,
				7708743225C1872F00C1549C /* bopomofo_tw.schema.yaml in Copy Shared Support Files */,
				7708743325C1872F00C1549C /* bopomofo.schema.yaml in Copy Shared Support Files */,
				7708743425C1872F00C1549C /* cangjie5_express.schema.yaml in Copy Shared Support Files */,
				7708743525C1872F00C1549C /* cangjie5.dict.yaml in Copy Shared Support Files */,
				7708743625C1872F00C1549C /* cangjie5.schema.yaml in Copy Shared Support Files */,
				7708743725C1872F00C1549C /* default.yaml in Copy Shared Support Files */,
				7708743825C1872F00C1549C /* essay.txt in Copy Shared Support Files */,
				7708743925C1872F00C1549C /* key_bindings.yaml in Copy Shared Support Files */,
				7708743A25C1872F00C1549C /* luna_pinyin_fluency.schema.yaml in Copy Shared Support Files */,
				7708743B25C1872F00C1549C /* luna_pinyin_simp.schema.yaml in Copy Shared Support Files */,
				7708743C25C1872F00C1549C /* luna_pinyin_tw.schema.yaml in Copy Shared Support Files */,
				7708743D25C1872F00C1549C /* luna_pinyin.dict.yaml in Copy Shared Support Files */,
				7708743E25C1872F00C1549C /* luna_pinyin.schema.yaml in Copy Shared Support Files */,
				7708743F25C1872F00C1549C /* luna_quanpin.schema.yaml in Copy Shared Support Files */,
				7708744025C1872F00C1549C /* pinyin.yaml in Copy Shared Support Files */,
				7708744125C1872F00C1549C /* punctuation.yaml in Copy Shared Support Files */,
				7708744225C1872F00C1549C /* stroke.dict.yaml in Copy Shared Support Files */,
				7708744325C1872F00C1549C /* stroke.schema.yaml in Copy Shared Support Files */,
				7708744425C1872F00C1549C /* symbols.yaml in Copy Shared Support Files */,
				7708744525C1872F00C1549C /* terra_pinyin.dict.yaml in Copy Shared Support Files */,
				7708744625C1872F00C1549C /* terra_pinyin.schema.yaml in Copy Shared Support Files */,
				7708744725C1872F00C1549C /* zhuyin.yaml in Copy Shared Support Files */,
				7708744825C1872F00C1549C /* squirrel.yaml in Copy Shared Support Files */,
			);
			name = "Copy Shared Support Files";
			runOnlyForDeploymentPostprocessing = 0;
		};
		7708739825C183AB00C1549C /* Copy OpenCC Files */ = {
			isa = PBXCopyFilesBuildPhase;
			buildActionMask = 2147483647;
			dstPath = opencc;
			dstSubfolderSpec = 12;
			files = (
				7708744925C1873D00C1549C /* hk2s.json in Copy OpenCC Files */,
				7708744A25C1873D00C1549C /* HKVariants.ocd2 in Copy OpenCC Files */,
				7708744B25C1873D00C1549C /* HKVariantsRev.ocd2 in Copy OpenCC Files */,
				7708744C25C1873D00C1549C /* HKVariantsRevPhrases.ocd2 in Copy OpenCC Files */,
				7708744D25C1873D00C1549C /* jp2t.json in Copy OpenCC Files */,
				7708744E25C1873D00C1549C /* JPShinjitaiCharacters.ocd2 in Copy OpenCC Files */,
				7708744F25C1873D00C1549C /* JPShinjitaiPhrases.ocd2 in Copy OpenCC Files */,
				7708745025C1873D00C1549C /* JPVariants.ocd2 in Copy OpenCC Files */,
				7708745125C1873D00C1549C /* JPVariantsRev.ocd2 in Copy OpenCC Files */,
				7708745225C1873D00C1549C /* s2hk.json in Copy OpenCC Files */,
				7708745325C1873D00C1549C /* s2t.json in Copy OpenCC Files */,
				7708745425C1873D00C1549C /* s2tw.json in Copy OpenCC Files */,
				7708745525C1873D00C1549C /* s2twp.json in Copy OpenCC Files */,
				7708745625C1873D00C1549C /* STCharacters.ocd2 in Copy OpenCC Files */,
				7708745725C1873D00C1549C /* STPhrases.ocd2 in Copy OpenCC Files */,
				7708745825C1873D00C1549C /* t2hk.json in Copy OpenCC Files */,
				7708745925C1873D00C1549C /* t2jp.json in Copy OpenCC Files */,
				7708745A25C1873D00C1549C /* t2s.json in Copy OpenCC Files */,
				7708745B25C1873D00C1549C /* t2tw.json in Copy OpenCC Files */,
				7708745C25C1873D00C1549C /* TSCharacters.ocd2 in Copy OpenCC Files */,
				7708745D25C1873D00C1549C /* TSPhrases.ocd2 in Copy OpenCC Files */,
				7708745E25C1873D00C1549C /* tw2s.json in Copy OpenCC Files */,
				7708745F25C1873D00C1549C /* tw2sp.json in Copy OpenCC Files */,
				7708746025C1873D00C1549C /* TWPhrases.ocd2 in Copy OpenCC Files */,
				7708746125C1873D00C1549C /* TWPhrasesRev.ocd2 in Copy OpenCC Files */,
				7708746225C1873D00C1549C /* TWVariants.ocd2 in Copy OpenCC Files */,
				7708746325C1873D00C1549C /* TWVariantsRev.ocd2 in Copy OpenCC Files */,
				7708746425C1873D00C1549C /* TWVariantsRevPhrases.ocd2 in Copy OpenCC Files */,
			);
			name = "Copy OpenCC Files";
			runOnlyForDeploymentPostprocessing = 0;
		};
		770873B525C183E000C1549C /* Copy Executable Files */ = {
			isa = PBXCopyFilesBuildPhase;
			buildActionMask = 2147483647;
			dstPath = "";
			dstSubfolderSpec = 6;
			files = (
				7708746525C1874600C1549C /* rime_deployer in Copy Executable Files */,
				7708746625C1874600C1549C /* rime_dict_manager in Copy Executable Files */,
				7708746725C1874600C1549C /* rime-install in Copy Executable Files */,
			);
			name = "Copy Executable Files";
			runOnlyForDeploymentPostprocessing = 0;
		};
/* End PBXCopyFilesBuildPhase section */

/* Begin PBXFileReference section */
		7708731625C1774000C1549C /* core.h */ = {isa = PBXFileReference; fileEncoding = 4; lastKnownFileType = sourcecode.c.h; name = core.h; path = utf8/core.h; sourceTree = "<group>"; };
		7708731725C1774000C1549C /* unchecked.h */ = {isa = PBXFileReference; fileEncoding = 4; lastKnownFileType = sourcecode.c.h; name = unchecked.h; path = utf8/unchecked.h; sourceTree = "<group>"; };
		7708731825C1774000C1549C /* checked.h */ = {isa = PBXFileReference; fileEncoding = 4; lastKnownFileType = sourcecode.c.h; name = checked.h; path = utf8/checked.h; sourceTree = "<group>"; };
		7708731925C1777000C1549C /* utf8.h */ = {isa = PBXFileReference; fileEncoding = 4; lastKnownFileType = sourcecode.c.h; path = utf8.h; sourceTree = "<group>"; };
		7708731A25C1777000C1549C /* macos_keycode.m */ = {isa = PBXFileReference; fileEncoding = 4; lastKnownFileType = sourcecode.c.objc; path = macos_keycode.m; sourceTree = "<group>"; };
		7708731B25C1777000C1549C /* SquirrelPanel.h */ = {isa = PBXFileReference; fileEncoding = 4; lastKnownFileType = sourcecode.c.h; path = SquirrelPanel.h; sourceTree = "<group>"; };
		7708731C25C1777100C1549C /* SquirrelApplicationDelegate.h */ = {isa = PBXFileReference; fileEncoding = 4; lastKnownFileType = sourcecode.c.h; path = SquirrelApplicationDelegate.h; sourceTree = "<group>"; };
		7708731D25C1777100C1549C /* SquirrelPanel.m */ = {isa = PBXFileReference; fileEncoding = 4; lastKnownFileType = sourcecode.c.objc; path = SquirrelPanel.m; sourceTree = "<group>"; };
		7708731E25C1777100C1549C /* utf8.cpp */ = {isa = PBXFileReference; fileEncoding = 4; lastKnownFileType = sourcecode.cpp.cpp; path = utf8.cpp; sourceTree = "<group>"; };
		7708731F25C1777100C1549C /* input_source.m */ = {isa = PBXFileReference; fileEncoding = 4; lastKnownFileType = sourcecode.c.objc; path = input_source.m; sourceTree = "<group>"; };
		7708732025C1777100C1549C /* SquirrelApplicationDelegate.m */ = {isa = PBXFileReference; fileEncoding = 4; lastKnownFileType = sourcecode.c.objc; path = SquirrelApplicationDelegate.m; sourceTree = "<group>"; };
		7708732125C1777100C1549C /* SquirrelConfig.m */ = {isa = PBXFileReference; fileEncoding = 4; lastKnownFileType = sourcecode.c.objc; path = SquirrelConfig.m; sourceTree = "<group>"; };
		7708732225C1777100C1549C /* Squirrel_Prefix.pch */ = {isa = PBXFileReference; fileEncoding = 4; lastKnownFileType = sourcecode.c.h; path = Squirrel_Prefix.pch; sourceTree = "<group>"; };
		7708732325C1777100C1549C /* SquirrelInputController.h */ = {isa = PBXFileReference; fileEncoding = 4; lastKnownFileType = sourcecode.c.h; path = SquirrelInputController.h; sourceTree = "<group>"; };
		7708732425C1777100C1549C /* SquirrelInputController.m */ = {isa = PBXFileReference; fileEncoding = 4; lastKnownFileType = sourcecode.c.objc; path = SquirrelInputController.m; sourceTree = "<group>"; };
		7708732525C1777100C1549C /* main.m */ = {isa = PBXFileReference; fileEncoding = 4; lastKnownFileType = sourcecode.c.objc; path = main.m; sourceTree = "<group>"; };
		7708732625C1777100C1549C /* SquirrelConfig.h */ = {isa = PBXFileReference; fileEncoding = 4; lastKnownFileType = sourcecode.c.h; path = SquirrelConfig.h; sourceTree = "<group>"; };
		7708732725C1777100C1549C /* macos_keycode.h */ = {isa = PBXFileReference; fileEncoding = 4; lastKnownFileType = sourcecode.c.h; path = macos_keycode.h; sourceTree = "<group>"; };
		7708733525C177BA00C1549C /* Assets.xcassets */ = {isa = PBXFileReference; lastKnownFileType = folder.assetcatalog; path = Assets.xcassets; sourceTree = "<group>"; };
		7708733725C177BA00C1549C /* Info.plist */ = {isa = PBXFileReference; fileEncoding = 4; lastKnownFileType = text.plist.xml; path = Info.plist; sourceTree = "<group>"; };
		7708734125C1780F00C1549C /* rime.pdf */ = {isa = PBXFileReference; lastKnownFileType = image.pdf; path = rime.pdf; sourceTree = "<group>"; };
		7708734625C17B5C00C1549C /* LICENSE.txt */ = {isa = PBXFileReference; fileEncoding = 4; lastKnownFileType = text; path = LICENSE.txt; sourceTree = "<group>"; };
		7708734725C17B5C00C1549C /* README.md */ = {isa = PBXFileReference; fileEncoding = 4; lastKnownFileType = net.daringfireball.markdown; path = README.md; sourceTree = "<group>"; };
		7708734825C17B5C00C1549C /* dsa_pub.pem */ = {isa = PBXFileReference; fileEncoding = 4; lastKnownFileType = text; path = dsa_pub.pem; sourceTree = "<group>"; };
		7708734E25C17CA100C1549C /* Base */ = {isa = PBXFileReference; lastKnownFileType = file.xib; name = Base; path = Base.lproj/MainMenu.xib; sourceTree = "<group>"; };
		7708735225C17CD400C1549C /* en */ = {isa = PBXFileReference; lastKnownFileType = text.plist.strings; name = en; path = en.lproj/InfoPlist.strings; sourceTree = "<group>"; };
		7708735425C17CD400C1549C /* en */ = {isa = PBXFileReference; lastKnownFileType = text.plist.strings; name = en; path = en.lproj/Localizable.strings; sourceTree = "<group>"; };
		7708735825C17CE400C1549C /* zh-Hans */ = {isa = PBXFileReference; lastKnownFileType = text.plist.strings; name = "zh-Hans"; path = "zh-Hans.lproj/Localizable.strings"; sourceTree = "<group>"; };
		7708735925C17CE400C1549C /* zh-Hans */ = {isa = PBXFileReference; lastKnownFileType = text.plist.strings; name = "zh-Hans"; path = "zh-Hans.lproj/InfoPlist.strings"; sourceTree = "<group>"; };
		7708735A25C17CE400C1549C /* zh-Hans */ = {isa = PBXFileReference; lastKnownFileType = file.xib; name = "zh-Hans"; path = "zh-Hans.lproj/MainMenu.xib"; sourceTree = "<group>"; };
		7708735B25C17CF500C1549C /* zh-Hant */ = {isa = PBXFileReference; lastKnownFileType = text.plist.strings; name = "zh-Hant"; path = "zh-Hant.lproj/Localizable.strings"; sourceTree = "<group>"; };
		7708735C25C17CF500C1549C /* zh-Hant */ = {isa = PBXFileReference; lastKnownFileType = file.xib; name = "zh-Hant"; path = "zh-Hant.lproj/MainMenu.xib"; sourceTree = "<group>"; };
		7708735D25C17CF500C1549C /* zh-Hant */ = {isa = PBXFileReference; lastKnownFileType = text.plist.strings; name = "zh-Hant"; path = "zh-Hant.lproj/InfoPlist.strings"; sourceTree = "<group>"; };
		7708737425C1827400C1549C /* Cocoa.framework */ = {isa = PBXFileReference; lastKnownFileType = wrapper.framework; name = Cocoa.framework; path = System/Library/Frameworks/Cocoa.framework; sourceTree = SDKROOT; };
		7708737625C1827C00C1549C /* InputMethodKit.framework */ = {isa = PBXFileReference; lastKnownFileType = wrapper.framework; name = InputMethodKit.framework; path = System/Library/Frameworks/InputMethodKit.framework; sourceTree = SDKROOT; };
		7708737825C1828200C1549C /* Carbon.framework */ = {isa = PBXFileReference; lastKnownFileType = wrapper.framework; name = Carbon.framework; path = System/Library/Frameworks/Carbon.framework; sourceTree = SDKROOT; };
		7708737C25C1832800C1549C /* librime.1.dylib */ = {isa = PBXFileReference; lastKnownFileType = "compiled.mach-o.dylib"; name = librime.1.dylib; path = lib/librime.1.dylib; sourceTree = "<group>"; };
		770873BB25C1860100C1549C /* rime_dict_manager */ = {isa = PBXFileReference; lastKnownFileType = "compiled.mach-o.executable"; name = rime_dict_manager; path = bin/rime_dict_manager; sourceTree = "<group>"; };
		770873BC25C1860100C1549C /* rime-install */ = {isa = PBXFileReference; fileEncoding = 4; lastKnownFileType = text.script.sh; name = "rime-install"; path = "bin/rime-install"; sourceTree = "<group>"; };
		770873BD25C1860100C1549C /* rime_deployer */ = {isa = PBXFileReference; lastKnownFileType = "compiled.mach-o.executable"; name = rime_deployer; path = bin/rime_deployer; sourceTree = "<group>"; };
		770873C125C1865F00C1549C /* luna_pinyin_tw.schema.yaml */ = {isa = PBXFileReference; fileEncoding = 4; lastKnownFileType = text.yaml; path = luna_pinyin_tw.schema.yaml; sourceTree = "<group>"; };
		770873C225C1865F00C1549C /* luna_pinyin_simp.schema.yaml */ = {isa = PBXFileReference; fileEncoding = 4; lastKnownFileType = text.yaml; path = luna_pinyin_simp.schema.yaml; sourceTree = "<group>"; };
		770873C325C1865F00C1549C /* luna_pinyin_fluency.schema.yaml */ = {isa = PBXFileReference; fileEncoding = 4; lastKnownFileType = text.yaml; path = luna_pinyin_fluency.schema.yaml; sourceTree = "<group>"; };
		770873C425C1865F00C1549C /* stroke.dict.yaml */ = {isa = PBXFileReference; fileEncoding = 4; lastKnownFileType = text.yaml; path = stroke.dict.yaml; sourceTree = "<group>"; };
		770873C525C1866000C1549C /* luna_quanpin.schema.yaml */ = {isa = PBXFileReference; fileEncoding = 4; lastKnownFileType = text.yaml; path = luna_quanpin.schema.yaml; sourceTree = "<group>"; };
		770873C625C1866000C1549C /* cangjie5.schema.yaml */ = {isa = PBXFileReference; fileEncoding = 4; lastKnownFileType = text.yaml; path = cangjie5.schema.yaml; sourceTree = "<group>"; };
		770873C725C1866000C1549C /* luna_pinyin.schema.yaml */ = {isa = PBXFileReference; fileEncoding = 4; lastKnownFileType = text.yaml; path = luna_pinyin.schema.yaml; sourceTree = "<group>"; };
		770873C825C1866000C1549C /* zhuyin.yaml */ = {isa = PBXFileReference; fileEncoding = 4; lastKnownFileType = text.yaml; path = zhuyin.yaml; sourceTree = "<group>"; };
		770873C925C1866000C1549C /* luna_pinyin.dict.yaml */ = {isa = PBXFileReference; fileEncoding = 4; lastKnownFileType = text.yaml; path = luna_pinyin.dict.yaml; sourceTree = "<group>"; };
		770873CA25C1866000C1549C /* bopomofo_tw.schema.yaml */ = {isa = PBXFileReference; fileEncoding = 4; lastKnownFileType = text.yaml; path = bopomofo_tw.schema.yaml; sourceTree = "<group>"; };
		770873CB25C1866000C1549C /* pinyin.yaml */ = {isa = PBXFileReference; fileEncoding = 4; lastKnownFileType = text.yaml; path = pinyin.yaml; sourceTree = "<group>"; };
		770873CC25C1866000C1549C /* essay.txt */ = {isa = PBXFileReference; fileEncoding = 4; lastKnownFileType = text; path = essay.txt; sourceTree = "<group>"; };
		770873CD25C1866000C1549C /* cangjie5.dict.yaml */ = {isa = PBXFileReference; fileEncoding = 4; lastKnownFileType = text.yaml; path = cangjie5.dict.yaml; sourceTree = "<group>"; };
		770873CE25C1866000C1549C /* cangjie5_express.schema.yaml */ = {isa = PBXFileReference; fileEncoding = 4; lastKnownFileType = text.yaml; path = cangjie5_express.schema.yaml; sourceTree = "<group>"; };
		770873CF25C1866000C1549C /* bopomofo_express.schema.yaml */ = {isa = PBXFileReference; fileEncoding = 4; lastKnownFileType = text.yaml; path = bopomofo_express.schema.yaml; sourceTree = "<group>"; };
		770873D025C1866000C1549C /* default.yaml */ = {isa = PBXFileReference; fileEncoding = 4; lastKnownFileType = text.yaml; path = default.yaml; sourceTree = "<group>"; };
		770873D125C1866000C1549C /* stroke.schema.yaml */ = {isa = PBXFileReference; fileEncoding = 4; lastKnownFileType = text.yaml; path = stroke.schema.yaml; sourceTree = "<group>"; };
		770873D225C1866000C1549C /* punctuation.yaml */ = {isa = PBXFileReference; fileEncoding = 4; lastKnownFileType = text.yaml; path = punctuation.yaml; sourceTree = "<group>"; };
		770873D325C1866000C1549C /* bopomofo.schema.yaml */ = {isa = PBXFileReference; fileEncoding = 4; lastKnownFileType = text.yaml; path = bopomofo.schema.yaml; sourceTree = "<group>"; };
		770873D425C1866000C1549C /* key_bindings.yaml */ = {isa = PBXFileReference; fileEncoding = 4; lastKnownFileType = text.yaml; path = key_bindings.yaml; sourceTree = "<group>"; };
		770873D525C1866000C1549C /* symbols.yaml */ = {isa = PBXFileReference; fileEncoding = 4; lastKnownFileType = text.yaml; path = symbols.yaml; sourceTree = "<group>"; };
		770873D625C1866000C1549C /* terra_pinyin.schema.yaml */ = {isa = PBXFileReference; fileEncoding = 4; lastKnownFileType = text.yaml; path = terra_pinyin.schema.yaml; sourceTree = "<group>"; };
		770873D725C1866000C1549C /* terra_pinyin.dict.yaml */ = {isa = PBXFileReference; fileEncoding = 4; lastKnownFileType = text.yaml; path = terra_pinyin.dict.yaml; sourceTree = "<group>"; };
		770873EF25C1867200C1549C /* STPhrases.ocd2 */ = {isa = PBXFileReference; lastKnownFileType = file; name = STPhrases.ocd2; path = opencc/STPhrases.ocd2; sourceTree = "<group>"; };
		770873F025C1867200C1549C /* JPVariantsRev.ocd2 */ = {isa = PBXFileReference; lastKnownFileType = file; name = JPVariantsRev.ocd2; path = opencc/JPVariantsRev.ocd2; sourceTree = "<group>"; };
		770873F125C1867200C1549C /* TWVariantsRevPhrases.ocd2 */ = {isa = PBXFileReference; lastKnownFileType = file; name = TWVariantsRevPhrases.ocd2; path = opencc/TWVariantsRevPhrases.ocd2; sourceTree = "<group>"; };
		770873F225C1867200C1549C /* t2hk.json */ = {isa = PBXFileReference; fileEncoding = 4; lastKnownFileType = text.json; name = t2hk.json; path = opencc/t2hk.json; sourceTree = "<group>"; };
		770873F325C1867200C1549C /* TWVariants.ocd2 */ = {isa = PBXFileReference; lastKnownFileType = file; name = TWVariants.ocd2; path = opencc/TWVariants.ocd2; sourceTree = "<group>"; };
		770873F425C1867300C1549C /* HKVariantsRev.ocd2 */ = {isa = PBXFileReference; lastKnownFileType = file; name = HKVariantsRev.ocd2; path = opencc/HKVariantsRev.ocd2; sourceTree = "<group>"; };
		770873F525C1867300C1549C /* JPVariants.ocd2 */ = {isa = PBXFileReference; lastKnownFileType = file; name = JPVariants.ocd2; path = opencc/JPVariants.ocd2; sourceTree = "<group>"; };
		770873F625C1867300C1549C /* JPShinjitaiCharacters.ocd2 */ = {isa = PBXFileReference; lastKnownFileType = file; name = JPShinjitaiCharacters.ocd2; path = opencc/JPShinjitaiCharacters.ocd2; sourceTree = "<group>"; };
		770873F725C1867300C1549C /* TSCharacters.ocd2 */ = {isa = PBXFileReference; lastKnownFileType = file; name = TSCharacters.ocd2; path = opencc/TSCharacters.ocd2; sourceTree = "<group>"; };
		770873F825C1867300C1549C /* TWPhrases.ocd2 */ = {isa = PBXFileReference; lastKnownFileType = file; name = TWPhrases.ocd2; path = opencc/TWPhrases.ocd2; sourceTree = "<group>"; };
		770873F925C1867300C1549C /* t2tw.json */ = {isa = PBXFileReference; fileEncoding = 4; lastKnownFileType = text.json; name = t2tw.json; path = opencc/t2tw.json; sourceTree = "<group>"; };
		770873FA25C1867300C1549C /* TWPhrasesRev.ocd2 */ = {isa = PBXFileReference; lastKnownFileType = file; name = TWPhrasesRev.ocd2; path = opencc/TWPhrasesRev.ocd2; sourceTree = "<group>"; };
		770873FB25C1867300C1549C /* HKVariants.ocd2 */ = {isa = PBXFileReference; lastKnownFileType = file; name = HKVariants.ocd2; path = opencc/HKVariants.ocd2; sourceTree = "<group>"; };
		770873FC25C1867300C1549C /* t2jp.json */ = {isa = PBXFileReference; fileEncoding = 4; lastKnownFileType = text.json; name = t2jp.json; path = opencc/t2jp.json; sourceTree = "<group>"; };
		770873FD25C1867300C1549C /* STCharacters.ocd2 */ = {isa = PBXFileReference; lastKnownFileType = file; name = STCharacters.ocd2; path = opencc/STCharacters.ocd2; sourceTree = "<group>"; };
		770873FE25C1867300C1549C /* TSPhrases.ocd2 */ = {isa = PBXFileReference; lastKnownFileType = file; name = TSPhrases.ocd2; path = opencc/TSPhrases.ocd2; sourceTree = "<group>"; };
		770873FF25C1867300C1549C /* HKVariantsRevPhrases.ocd2 */ = {isa = PBXFileReference; lastKnownFileType = file; name = HKVariantsRevPhrases.ocd2; path = opencc/HKVariantsRevPhrases.ocd2; sourceTree = "<group>"; };
		7708740025C1867300C1549C /* hk2s.json */ = {isa = PBXFileReference; fileEncoding = 4; lastKnownFileType = text.json; name = hk2s.json; path = opencc/hk2s.json; sourceTree = "<group>"; };
		7708740125C1867300C1549C /* jp2t.json */ = {isa = PBXFileReference; fileEncoding = 4; lastKnownFileType = text.json; name = jp2t.json; path = opencc/jp2t.json; sourceTree = "<group>"; };
		7708740225C1867300C1549C /* s2t.json */ = {isa = PBXFileReference; fileEncoding = 4; lastKnownFileType = text.json; name = s2t.json; path = opencc/s2t.json; sourceTree = "<group>"; };
		7708740325C1867300C1549C /* JPShinjitaiPhrases.ocd2 */ = {isa = PBXFileReference; lastKnownFileType = file; name = JPShinjitaiPhrases.ocd2; path = opencc/JPShinjitaiPhrases.ocd2; sourceTree = "<group>"; };
		7708740425C1867300C1549C /* t2s.json */ = {isa = PBXFileReference; fileEncoding = 4; lastKnownFileType = text.json; name = t2s.json; path = opencc/t2s.json; sourceTree = "<group>"; };
		7708740525C1867300C1549C /* tw2s.json */ = {isa = PBXFileReference; fileEncoding = 4; lastKnownFileType = text.json; name = tw2s.json; path = opencc/tw2s.json; sourceTree = "<group>"; };
		7708740625C1867300C1549C /* tw2sp.json */ = {isa = PBXFileReference; fileEncoding = 4; lastKnownFileType = text.json; name = tw2sp.json; path = opencc/tw2sp.json; sourceTree = "<group>"; };
		7708740725C1867300C1549C /* s2tw.json */ = {isa = PBXFileReference; fileEncoding = 4; lastKnownFileType = text.json; name = s2tw.json; path = opencc/s2tw.json; sourceTree = "<group>"; };
		7708740825C1867300C1549C /* s2hk.json */ = {isa = PBXFileReference; fileEncoding = 4; lastKnownFileType = text.json; name = s2hk.json; path = opencc/s2hk.json; sourceTree = "<group>"; };
		7708740925C1867300C1549C /* TWVariantsRev.ocd2 */ = {isa = PBXFileReference; lastKnownFileType = file; name = TWVariantsRev.ocd2; path = opencc/TWVariantsRev.ocd2; sourceTree = "<group>"; };
		7708740A25C1867300C1549C /* s2twp.json */ = {isa = PBXFileReference; fileEncoding = 4; lastKnownFileType = text.json; name = s2twp.json; path = opencc/s2twp.json; sourceTree = "<group>"; };
		7708742725C1868000C1549C /* squirrel.yaml */ = {isa = PBXFileReference; fileEncoding = 4; lastKnownFileType = text.yaml; path = squirrel.yaml; sourceTree = "<group>"; };
		7731DAF025C25E85004948AA /* Squirrel.entitlements */ = {isa = PBXFileReference; fileEncoding = 4; lastKnownFileType = text.plist.entitlements; path = Squirrel.entitlements; sourceTree = "<group>"; };
		774A7D5825C2B761007CE00E /* Sparkle.framework */ = {isa = PBXFileReference; lastKnownFileType = wrapper.framework; name = Sparkle.framework; path = Frameworks/Sparkle.framework; sourceTree = "<group>"; };
		776F012E25C171070018DE66 /* Squirrel.app */ = {isa = PBXFileReference; explicitFileType = wrapper.application; includeInIndex = 0; path = Squirrel.app; sourceTree = BUILT_PRODUCTS_DIR; };
/* End PBXFileReference section */

/* Begin PBXFrameworksBuildPhase section */
		776F012B25C171070018DE66 /* Frameworks */ = {
			isa = PBXFrameworksBuildPhase;
			buildActionMask = 2147483647;
			files = (
				7708737925C1828200C1549C /* Carbon.framework in Frameworks */,
				7708737725C1827C00C1549C /* InputMethodKit.framework in Frameworks */,
				7708737525C1827400C1549C /* Cocoa.framework in Frameworks */,
				774A7D5A25C2B7F9007CE00E /* Sparkle.framework in Frameworks */,
			);
			runOnlyForDeploymentPostprocessing = 0;
		};
/* End PBXFrameworksBuildPhase section */

/* Begin PBXGroup section */
		7708729E25C1760800C1549C /* SharedSupport */ = {
			isa = PBXGroup;
			children = (
				770872A925C176A500C1549C /* opencc */,
				770872A825C1769D00C1549C /* plum */,
				7708742725C1868000C1549C /* squirrel.yaml */,
			);
			name = SharedSupport;
			path = data;
			sourceTree = "<group>";
		};
		770872A825C1769D00C1549C /* plum */ = {
			isa = PBXGroup;
			children = (
				770873CF25C1866000C1549C /* bopomofo_express.schema.yaml */,
				770873CA25C1866000C1549C /* bopomofo_tw.schema.yaml */,
				770873D325C1866000C1549C /* bopomofo.schema.yaml */,
				770873CE25C1866000C1549C /* cangjie5_express.schema.yaml */,
				770873CD25C1866000C1549C /* cangjie5.dict.yaml */,
				770873C625C1866000C1549C /* cangjie5.schema.yaml */,
				770873D025C1866000C1549C /* default.yaml */,
				770873CC25C1866000C1549C /* essay.txt */,
				770873D425C1866000C1549C /* key_bindings.yaml */,
				770873C325C1865F00C1549C /* luna_pinyin_fluency.schema.yaml */,
				770873C225C1865F00C1549C /* luna_pinyin_simp.schema.yaml */,
				770873C125C1865F00C1549C /* luna_pinyin_tw.schema.yaml */,
				770873C925C1866000C1549C /* luna_pinyin.dict.yaml */,
				770873C725C1866000C1549C /* luna_pinyin.schema.yaml */,
				770873C525C1866000C1549C /* luna_quanpin.schema.yaml */,
				770873CB25C1866000C1549C /* pinyin.yaml */,
				770873D225C1866000C1549C /* punctuation.yaml */,
				770873C425C1865F00C1549C /* stroke.dict.yaml */,
				770873D125C1866000C1549C /* stroke.schema.yaml */,
				770873D525C1866000C1549C /* symbols.yaml */,
				770873D725C1866000C1549C /* terra_pinyin.dict.yaml */,
				770873D625C1866000C1549C /* terra_pinyin.schema.yaml */,
				770873C825C1866000C1549C /* zhuyin.yaml */,
			);
			path = plum;
			sourceTree = "<group>";
		};
		770872A925C176A500C1549C /* opencc */ = {
			isa = PBXGroup;
			children = (
				7708740025C1867300C1549C /* hk2s.json */,
				770873FB25C1867300C1549C /* HKVariants.ocd2 */,
				770873F425C1867300C1549C /* HKVariantsRev.ocd2 */,
				770873FF25C1867300C1549C /* HKVariantsRevPhrases.ocd2 */,
				7708740125C1867300C1549C /* jp2t.json */,
				770873F625C1867300C1549C /* JPShinjitaiCharacters.ocd2 */,
				7708740325C1867300C1549C /* JPShinjitaiPhrases.ocd2 */,
				770873F525C1867300C1549C /* JPVariants.ocd2 */,
				770873F025C1867200C1549C /* JPVariantsRev.ocd2 */,
				7708740825C1867300C1549C /* s2hk.json */,
				7708740225C1867300C1549C /* s2t.json */,
				7708740725C1867300C1549C /* s2tw.json */,
				7708740A25C1867300C1549C /* s2twp.json */,
				770873FD25C1867300C1549C /* STCharacters.ocd2 */,
				770873EF25C1867200C1549C /* STPhrases.ocd2 */,
				770873F225C1867200C1549C /* t2hk.json */,
				770873FC25C1867300C1549C /* t2jp.json */,
				7708740425C1867300C1549C /* t2s.json */,
				770873F925C1867300C1549C /* t2tw.json */,
				770873F725C1867300C1549C /* TSCharacters.ocd2 */,
				770873FE25C1867300C1549C /* TSPhrases.ocd2 */,
				7708740525C1867300C1549C /* tw2s.json */,
				7708740625C1867300C1549C /* tw2sp.json */,
				770873F825C1867300C1549C /* TWPhrases.ocd2 */,
				770873FA25C1867300C1549C /* TWPhrasesRev.ocd2 */,
				770873F325C1867200C1549C /* TWVariants.ocd2 */,
				7708740925C1867300C1549C /* TWVariantsRev.ocd2 */,
				770873F125C1867200C1549C /* TWVariantsRevPhrases.ocd2 */,
			);
			name = opencc;
			sourceTree = "<group>";
		};
		7708731225C176E100C1549C /* Sources */ = {
			isa = PBXGroup;
			children = (
				7708731F25C1777100C1549C /* input_source.m */,
				7708732725C1777100C1549C /* macos_keycode.h */,
				7708731A25C1777000C1549C /* macos_keycode.m */,
				7708732525C1777100C1549C /* main.m */,
				7708732225C1777100C1549C /* Squirrel_Prefix.pch */,
				7708731C25C1777100C1549C /* SquirrelApplicationDelegate.h */,
				7708732025C1777100C1549C /* SquirrelApplicationDelegate.m */,
				7708732625C1777100C1549C /* SquirrelConfig.h */,
				7708732125C1777100C1549C /* SquirrelConfig.m */,
				7708732325C1777100C1549C /* SquirrelInputController.h */,
				7708732425C1777100C1549C /* SquirrelInputController.m */,
				7708731B25C1777000C1549C /* SquirrelPanel.h */,
				7708731D25C1777100C1549C /* SquirrelPanel.m */,
				7708731E25C1777100C1549C /* utf8.cpp */,
				7708731925C1777000C1549C /* utf8.h */,
				7708731525C1772B00C1549C /* utf8 */,
			);
			name = Sources;
			sourceTree = "<group>";
		};
		7708731525C1772B00C1549C /* utf8 */ = {
			isa = PBXGroup;
			children = (
				7708731825C1774000C1549C /* checked.h */,
				7708731625C1774000C1549C /* core.h */,
				7708731725C1774000C1549C /* unchecked.h */,
			);
			name = utf8;
			sourceTree = "<group>";
		};
		7708733125C1777E00C1549C /* Resources */ = {
			isa = PBXGroup;
			children = (
				7708733525C177BA00C1549C /* Assets.xcassets */,
				7708734825C17B5C00C1549C /* dsa_pub.pem */,
				7708733725C177BA00C1549C /* Info.plist */,
				7708735125C17CD400C1549C /* InfoPlist.strings */,
				7708735325C17CD400C1549C /* Localizable.strings */,
				7708734D25C17CA100C1549C /* MainMenu.xib */,
				7708734125C1780F00C1549C /* rime.pdf */,
				7731DAF025C25E85004948AA /* Squirrel.entitlements */,
			);
			name = Resources;
			sourceTree = "<group>";
		};
		7708734525C17A0800C1549C /* Other Resources */ = {
			isa = PBXGroup;
			children = (
				7708734625C17B5C00C1549C /* LICENSE.txt */,
				7708734725C17B5C00C1549C /* README.md */,
			);
			name = "Other Resources";
			sourceTree = "<group>";
		};
		7708737325C1827400C1549C /* Frameworks */ = {
			isa = PBXGroup;
			children = (
				774A7D5825C2B761007CE00E /* Sparkle.framework */,
				7708737825C1828200C1549C /* Carbon.framework */,
				7708737425C1827400C1549C /* Cocoa.framework */,
				7708737C25C1832800C1549C /* librime.1.dylib */,
				7708737625C1827C00C1549C /* InputMethodKit.framework */,
			);
			name = Frameworks;
			sourceTree = "<group>";
		};
		770873BA25C185E900C1549C /* bin */ = {
			isa = PBXGroup;
			children = (
				770873BD25C1860100C1549C /* rime_deployer */,
				770873BB25C1860100C1549C /* rime_dict_manager */,
				770873BC25C1860100C1549C /* rime-install */,
			);
			name = bin;
			sourceTree = "<group>";
		};
		776F012525C171070018DE66 = {
			isa = PBXGroup;
			children = (
				770873BA25C185E900C1549C /* bin */,
				7708729E25C1760800C1549C /* SharedSupport */,
				776F013025C171070018DE66 /* Squirrel */,
				7708734525C17A0800C1549C /* Other Resources */,
				7708737325C1827400C1549C /* Frameworks */,
				776F012F25C171070018DE66 /* Products */,
			);
			indentWidth = 2;
			sourceTree = "<group>";
			tabWidth = 2;
		};
		776F012F25C171070018DE66 /* Products */ = {
			isa = PBXGroup;
			children = (
				776F012E25C171070018DE66 /* Squirrel.app */,
			);
			name = Products;
			sourceTree = "<group>";
		};
		776F013025C171070018DE66 /* Squirrel */ = {
			isa = PBXGroup;
			children = (
				7708731225C176E100C1549C /* Sources */,
				7708733125C1777E00C1549C /* Resources */,
			);
			path = Squirrel;
			sourceTree = "<group>";
		};
/* End PBXGroup section */

/* Begin PBXNativeTarget section */
		776F012D25C171070018DE66 /* Squirrel */ = {
			isa = PBXNativeTarget;
			buildConfigurationList = 776F013F25C171070018DE66 /* Build configuration list for PBXNativeTarget "Squirrel" */;
			buildPhases = (
				776F012A25C171070018DE66 /* Sources */,
				776F012B25C171070018DE66 /* Frameworks */,
				776F012C25C171070018DE66 /* Resources */,
				7708736825C1822200C1549C /* Copy 3rd-party Frameworks */,
				7708737F25C1836000C1549C /* Copy Shared Support Files */,
				7708739825C183AB00C1549C /* Copy OpenCC Files */,
				770873B525C183E000C1549C /* Copy Executable Files */,
			);
			buildRules = (
			);
			dependencies = (
			);
			name = Squirrel;
			packageProductDependencies = (
			);
			productName = Squirrel;
			productReference = 776F012E25C171070018DE66 /* Squirrel.app */;
			productType = "com.apple.product-type.application";
		};
/* End PBXNativeTarget section */

/* Begin PBXProject section */
		776F012625C171070018DE66 /* Project object */ = {
			isa = PBXProject;
			attributes = {
				LastUpgradeCheck = 1240;
				TargetAttributes = {
					776F012D25C171070018DE66 = {
						CreatedOnToolsVersion = 12.3;
					};
				};
			};
			buildConfigurationList = 776F012925C171070018DE66 /* Build configuration list for PBXProject "Squirrel" */;
			compatibilityVersion = "Xcode 9.3";
			developmentRegion = en;
			hasScannedForEncodings = 0;
			knownRegions = (
				en,
				Base,
				"zh-Hans",
				"zh-Hant",
			);
			mainGroup = 776F012525C171070018DE66;
			packageReferences = (
			);
			productRefGroup = 776F012F25C171070018DE66 /* Products */;
			projectDirPath = "";
			projectRoot = "";
			targets = (
				776F012D25C171070018DE66 /* Squirrel */,
			);
		};
/* End PBXProject section */

/* Begin PBXResourcesBuildPhase section */
		776F012C25C171070018DE66 /* Resources */ = {
			isa = PBXResourcesBuildPhase;
			buildActionMask = 2147483647;
			files = (
				7708742925C1870700C1549C /* dsa_pub.pem in Resources */,
				7708742A25C1870700C1549C /* InfoPlist.strings in Resources */,
				7708742B25C1870800C1549C /* Localizable.strings in Resources */,
				7708742C25C1870800C1549C /* MainMenu.xib in Resources */,
				7708742D25C1870800C1549C /* rime.pdf in Resources */,
				7708742E25C1870800C1549C /* Assets.xcassets in Resources */,
				7708742F25C1870800C1549C /* LICENSE.txt in Resources */,
				7708743025C1870800C1549C /* README.md in Resources */,
			);
			runOnlyForDeploymentPostprocessing = 0;
		};
/* End PBXResourcesBuildPhase section */

/* Begin PBXSourcesBuildPhase section */
		776F012A25C171070018DE66 /* Sources */ = {
			isa = PBXSourcesBuildPhase;
			buildActionMask = 2147483647;
			files = (
				7708732E25C1777100C1549C /* SquirrelInputController.m in Sources */,
				7708732825C1777100C1549C /* macos_keycode.m in Sources */,
				7708732C25C1777100C1549C /* SquirrelApplicationDelegate.m in Sources */,
				7708732B25C1777100C1549C /* input_source.m in Sources */,
				7708732925C1777100C1549C /* SquirrelPanel.m in Sources */,
				7708732D25C1777100C1549C /* SquirrelConfig.m in Sources */,
				7708732F25C1777100C1549C /* main.m in Sources */,
				7708732A25C1777100C1549C /* utf8.cpp in Sources */,
			);
			runOnlyForDeploymentPostprocessing = 0;
		};
/* End PBXSourcesBuildPhase section */

/* Begin PBXVariantGroup section */
		7708734D25C17CA100C1549C /* MainMenu.xib */ = {
			isa = PBXVariantGroup;
			children = (
				7708734E25C17CA100C1549C /* Base */,
				7708735A25C17CE400C1549C /* zh-Hans */,
				7708735C25C17CF500C1549C /* zh-Hant */,
			);
			name = MainMenu.xib;
			sourceTree = "<group>";
		};
		7708735125C17CD400C1549C /* InfoPlist.strings */ = {
			isa = PBXVariantGroup;
			children = (
				7708735225C17CD400C1549C /* en */,
				7708735925C17CE400C1549C /* zh-Hans */,
				7708735D25C17CF500C1549C /* zh-Hant */,
			);
			name = InfoPlist.strings;
			sourceTree = "<group>";
		};
		7708735325C17CD400C1549C /* Localizable.strings */ = {
			isa = PBXVariantGroup;
			children = (
				7708735425C17CD400C1549C /* en */,
				7708735825C17CE400C1549C /* zh-Hans */,
				7708735B25C17CF500C1549C /* zh-Hant */,
			);
			name = Localizable.strings;
			sourceTree = "<group>";
		};
/* End PBXVariantGroup section */

/* Begin XCBuildConfiguration section */
		776F013D25C171070018DE66 /* Debug */ = {
			isa = XCBuildConfiguration;
			buildSettings = {
				ALWAYS_SEARCH_USER_PATHS = NO;
				CLANG_ANALYZER_LOCALIZABILITY_NONLOCALIZED = YES;
				CLANG_ANALYZER_NONNULL = YES;
				CLANG_ANALYZER_NUMBER_OBJECT_CONVERSION = YES_AGGRESSIVE;
				CLANG_CXX_LANGUAGE_STANDARD = "gnu++14";
				CLANG_CXX_LIBRARY = "libc++";
				CLANG_ENABLE_MODULES = YES;
				CLANG_ENABLE_OBJC_ARC = YES;
				CLANG_ENABLE_OBJC_WEAK = YES;
				CLANG_WARN_BLOCK_CAPTURE_AUTORELEASING = YES;
				CLANG_WARN_BOOL_CONVERSION = YES;
				CLANG_WARN_COMMA = YES;
				CLANG_WARN_CONSTANT_CONVERSION = YES;
				CLANG_WARN_DEPRECATED_OBJC_IMPLEMENTATIONS = YES;
				CLANG_WARN_DIRECT_OBJC_ISA_USAGE = YES_ERROR;
				CLANG_WARN_DOCUMENTATION_COMMENTS = YES;
				CLANG_WARN_EMPTY_BODY = YES;
				CLANG_WARN_ENUM_CONVERSION = YES;
				CLANG_WARN_INFINITE_RECURSION = YES;
				CLANG_WARN_INT_CONVERSION = YES;
				CLANG_WARN_NON_LITERAL_NULL_CONVERSION = YES;
				CLANG_WARN_OBJC_IMPLICIT_RETAIN_SELF = YES;
				CLANG_WARN_OBJC_LITERAL_CONVERSION = YES;
				CLANG_WARN_OBJC_ROOT_CLASS = YES_ERROR;
				CLANG_WARN_QUOTED_INCLUDE_IN_FRAMEWORK_HEADER = YES;
				CLANG_WARN_RANGE_LOOP_ANALYSIS = YES;
				CLANG_WARN_STRICT_PROTOTYPES = YES;
				CLANG_WARN_SUSPICIOUS_MOVE = YES;
				CLANG_WARN_UNGUARDED_AVAILABILITY = YES_AGGRESSIVE;
				CLANG_WARN_UNREACHABLE_CODE = YES;
				CLANG_WARN__DUPLICATE_METHOD_MATCH = YES;
				COPY_PHASE_STRIP = NO;
				DEBUG_INFORMATION_FORMAT = dwarf;
				ENABLE_STRICT_OBJC_MSGSEND = YES;
				ENABLE_TESTABILITY = YES;
				GCC_C_LANGUAGE_STANDARD = gnu11;
				GCC_DYNAMIC_NO_PIC = NO;
				GCC_NO_COMMON_BLOCKS = YES;
				GCC_OPTIMIZATION_LEVEL = 0;
				GCC_PREPROCESSOR_DEFINITIONS = (
					"DEBUG=1",
					"$(inherited)",
				);
				GCC_WARN_64_TO_32_BIT_CONVERSION = YES;
				GCC_WARN_ABOUT_RETURN_TYPE = YES_ERROR;
				GCC_WARN_UNDECLARED_SELECTOR = YES;
				GCC_WARN_UNINITIALIZED_AUTOS = YES_AGGRESSIVE;
				GCC_WARN_UNUSED_FUNCTION = YES;
				GCC_WARN_UNUSED_VARIABLE = YES;
				MACOSX_DEPLOYMENT_TARGET = 10.9;
				MTL_ENABLE_DEBUG_INFO = INCLUDE_SOURCE;
				MTL_FAST_MATH = YES;
				ONLY_ACTIVE_ARCH = YES;
				SDKROOT = macosx;
			};
			name = Debug;
		};
		776F013E25C171070018DE66 /* Release */ = {
			isa = XCBuildConfiguration;
			buildSettings = {
				ALWAYS_SEARCH_USER_PATHS = NO;
				CLANG_ANALYZER_LOCALIZABILITY_NONLOCALIZED = YES;
				CLANG_ANALYZER_NONNULL = YES;
				CLANG_ANALYZER_NUMBER_OBJECT_CONVERSION = YES_AGGRESSIVE;
				CLANG_CXX_LANGUAGE_STANDARD = "gnu++14";
				CLANG_CXX_LIBRARY = "libc++";
				CLANG_ENABLE_MODULES = YES;
				CLANG_ENABLE_OBJC_ARC = YES;
				CLANG_ENABLE_OBJC_WEAK = YES;
				CLANG_WARN_BLOCK_CAPTURE_AUTORELEASING = YES;
				CLANG_WARN_BOOL_CONVERSION = YES;
				CLANG_WARN_COMMA = YES;
				CLANG_WARN_CONSTANT_CONVERSION = YES;
				CLANG_WARN_DEPRECATED_OBJC_IMPLEMENTATIONS = YES;
				CLANG_WARN_DIRECT_OBJC_ISA_USAGE = YES_ERROR;
				CLANG_WARN_DOCUMENTATION_COMMENTS = YES;
				CLANG_WARN_EMPTY_BODY = YES;
				CLANG_WARN_ENUM_CONVERSION = YES;
				CLANG_WARN_INFINITE_RECURSION = YES;
				CLANG_WARN_INT_CONVERSION = YES;
				CLANG_WARN_NON_LITERAL_NULL_CONVERSION = YES;
				CLANG_WARN_OBJC_IMPLICIT_RETAIN_SELF = YES;
				CLANG_WARN_OBJC_LITERAL_CONVERSION = YES;
				CLANG_WARN_OBJC_ROOT_CLASS = YES_ERROR;
				CLANG_WARN_QUOTED_INCLUDE_IN_FRAMEWORK_HEADER = YES;
				CLANG_WARN_RANGE_LOOP_ANALYSIS = YES;
				CLANG_WARN_STRICT_PROTOTYPES = YES;
				CLANG_WARN_SUSPICIOUS_MOVE = YES;
				CLANG_WARN_UNGUARDED_AVAILABILITY = YES_AGGRESSIVE;
				CLANG_WARN_UNREACHABLE_CODE = YES;
				CLANG_WARN__DUPLICATE_METHOD_MATCH = YES;
				COPY_PHASE_STRIP = YES;
				DEBUG_INFORMATION_FORMAT = "dwarf-with-dsym";
				ENABLE_NS_ASSERTIONS = NO;
				ENABLE_STRICT_OBJC_MSGSEND = YES;
				GCC_C_LANGUAGE_STANDARD = gnu11;
				GCC_NO_COMMON_BLOCKS = YES;
				GCC_WARN_64_TO_32_BIT_CONVERSION = YES;
				GCC_WARN_ABOUT_RETURN_TYPE = YES_ERROR;
				GCC_WARN_UNDECLARED_SELECTOR = YES;
				GCC_WARN_UNINITIALIZED_AUTOS = YES_AGGRESSIVE;
				GCC_WARN_UNUSED_FUNCTION = YES;
				GCC_WARN_UNUSED_VARIABLE = YES;
				MACOSX_DEPLOYMENT_TARGET = 10.9;
				MTL_ENABLE_DEBUG_INFO = NO;
				MTL_FAST_MATH = YES;
				SDKROOT = macosx;
			};
			name = Release;
		};
		776F014025C171070018DE66 /* Debug */ = {
			isa = XCBuildConfiguration;
			buildSettings = {
				ASSETCATALOG_COMPILER_APPICON_NAME = RimeIcon;
				ASSETCATALOG_COMPILER_GLOBAL_ACCENT_COLOR_NAME = AccentColor;
				CODE_SIGN_ENTITLEMENTS = Squirrel/Squirrel.entitlements;
				CODE_SIGN_IDENTITY = "-";
				CODE_SIGN_STYLE = Manual;
				COMBINE_HIDPI_IMAGES = YES;
				DEVELOPMENT_TEAM = "";
				FRAMEWORK_SEARCH_PATHS = (
					"$(inherited)",
					"$(PROJECT_DIR)/Frameworks",
				);
				HEADER_SEARCH_PATHS = (
					"$(SRCROOT)/librime/src",
					"$(SRCROOT)/librime/thirdparty/include",
				);
				INFOPLIST_FILE = Squirrel/Info.plist;
				INSTALL_PATH = "\"/Library/Input Methods\"";
				LD_RUNPATH_SEARCH_PATHS = (
					"$(inherited)",
					"@executable_path/../Frameworks",
				);
				LIBRARY_SEARCH_PATHS = (
					"$(inherited)",
					"$(SRCROOT)/lib",
				);
				OTHER_CODE_SIGN_FLAGS = "--deep";
				OTHER_CPLUSPLUSFLAGS = (
					"$(OTHER_CFLAGS)",
					"-DLEOPARD",
					"-DHAVE_CONFIG_H",
				);
				OTHER_LDFLAGS = "-lrime.1";
				PRODUCT_BUNDLE_IDENTIFIER = im.rime.inputmethod.Squirrel;
				PRODUCT_NAME = "$(TARGET_NAME)";
				PROVISIONING_PROFILE_SPECIFIER = "";
			};
			name = Debug;
		};
		776F014125C171070018DE66 /* Release */ = {
			isa = XCBuildConfiguration;
			buildSettings = {
				ASSETCATALOG_COMPILER_APPICON_NAME = RimeIcon;
				ASSETCATALOG_COMPILER_GLOBAL_ACCENT_COLOR_NAME = AccentColor;
				CODE_SIGN_ENTITLEMENTS = Squirrel/Squirrel.entitlements;
				CODE_SIGN_IDENTITY = "-";
				CODE_SIGN_STYLE = Manual;
				COMBINE_HIDPI_IMAGES = YES;
				DEVELOPMENT_TEAM = "";
				FRAMEWORK_SEARCH_PATHS = (
					"$(inherited)",
					"$(PROJECT_DIR)/Frameworks",
				);
				HEADER_SEARCH_PATHS = (
					"$(SRCROOT)/librime/src",
					"$(SRCROOT)/librime/thirdparty/include",
				);
				INFOPLIST_FILE = Squirrel/Info.plist;
				INSTALL_PATH = "\"/Library/Input Methods\"";
				LD_RUNPATH_SEARCH_PATHS = (
					"$(inherited)",
					"@executable_path/../Frameworks",
				);
				LIBRARY_SEARCH_PATHS = (
					"$(inherited)",
					"$(SRCROOT)/lib",
				);
				OTHER_CODE_SIGN_FLAGS = "--deep";
				OTHER_CPLUSPLUSFLAGS = (
					"$(OTHER_CFLAGS)",
					"-DLEOPARD",
					"-DHAVE_CONFIG_H",
				);
				OTHER_LDFLAGS = "-lrime.1";
				PRODUCT_BUNDLE_IDENTIFIER = im.rime.inputmethod.Squirrel;
				PRODUCT_NAME = "$(TARGET_NAME)";
				PROVISIONING_PROFILE_SPECIFIER = "";
			};
			name = Release;
		};
/* End XCBuildConfiguration section */

/* Begin XCConfigurationList section */
		776F012925C171070018DE66 /* Build configuration list for PBXProject "Squirrel" */ = {
			isa = XCConfigurationList;
			buildConfigurations = (
				776F013D25C171070018DE66 /* Debug */,
				776F013E25C171070018DE66 /* Release */,
			);
			defaultConfigurationIsVisible = 0;
			defaultConfigurationName = Release;
		};
		776F013F25C171070018DE66 /* Build configuration list for PBXNativeTarget "Squirrel" */ = {
			isa = XCConfigurationList;
			buildConfigurations = (
				776F014025C171070018DE66 /* Debug */,
				776F014125C171070018DE66 /* Release */,
			);
			defaultConfigurationIsVisible = 0;
			defaultConfigurationName = Release;
		};
/* End XCConfigurationList section */
	};
	rootObject = 776F012625C171070018DE66 /* Project object */;
}
